// !$*UTF8*$!
{
	archiveVersion = 1;
	classes = {
	};
	objectVersion = 46;
	objects = {

/* Begin PBXBuildFile section */
		1407164A1CE02A20006179B7 /* TransformViewController.swift in Sources */ = {isa = PBXBuildFile; fileRef = 140716481CE02A20006179B7 /* TransformViewController.swift */; };
		1407164B1CE02A20006179B7 /* TransformViewController.xib in Resources */ = {isa = PBXBuildFile; fileRef = 140716491CE02A20006179B7 /* TransformViewController.xib */; };
		1407164D1CE05C16006179B7 /* CubeViewController.swift in Sources */ = {isa = PBXBuildFile; fileRef = 1407164C1CE05C16006179B7 /* CubeViewController.swift */; };
		14083DD71CF0979B0003440E /* DrawingViewController.swift in Sources */ = {isa = PBXBuildFile; fileRef = 14083DD61CF0979B0003440E /* DrawingViewController.swift */; };
		14083DDC1CF0A9100003440E /* DrawingView.swift in Sources */ = {isa = PBXBuildFile; fileRef = 14083DDB1CF0A9100003440E /* DrawingView.swift */; };
		140B94791CEB8BCF00D5AFB8 /* homepage.jpg in Resources */ = {isa = PBXBuildFile; fileRef = 140B94381CEB8BCF00D5AFB8 /* homepage.jpg */; };
		140B947A1CEB8BCF00D5AFB8 /* homepage_00_00.jpg in Resources */ = {isa = PBXBuildFile; fileRef = 140B94391CEB8BCF00D5AFB8 /* homepage_00_00.jpg */; };
		140B947B1CEB8BCF00D5AFB8 /* homepage_00_01.jpg in Resources */ = {isa = PBXBuildFile; fileRef = 140B943A1CEB8BCF00D5AFB8 /* homepage_00_01.jpg */; };
		140B947C1CEB8BCF00D5AFB8 /* homepage_00_02.jpg in Resources */ = {isa = PBXBuildFile; fileRef = 140B943B1CEB8BCF00D5AFB8 /* homepage_00_02.jpg */; };
		140B947D1CEB8BCF00D5AFB8 /* homepage_00_03.jpg in Resources */ = {isa = PBXBuildFile; fileRef = 140B943C1CEB8BCF00D5AFB8 /* homepage_00_03.jpg */; };
		140B947E1CEB8BCF00D5AFB8 /* homepage_00_04.jpg in Resources */ = {isa = PBXBuildFile; fileRef = 140B943D1CEB8BCF00D5AFB8 /* homepage_00_04.jpg */; };
		140B947F1CEB8BCF00D5AFB8 /* homepage_00_05.jpg in Resources */ = {isa = PBXBuildFile; fileRef = 140B943E1CEB8BCF00D5AFB8 /* homepage_00_05.jpg */; };
		140B94801CEB8BCF00D5AFB8 /* homepage_00_06.jpg in Resources */ = {isa = PBXBuildFile; fileRef = 140B943F1CEB8BCF00D5AFB8 /* homepage_00_06.jpg */; };
		140B94811CEB8BCF00D5AFB8 /* homepage_00_07.jpg in Resources */ = {isa = PBXBuildFile; fileRef = 140B94401CEB8BCF00D5AFB8 /* homepage_00_07.jpg */; };
		140B94821CEB8BCF00D5AFB8 /* homepage_01_00.jpg in Resources */ = {isa = PBXBuildFile; fileRef = 140B94411CEB8BCF00D5AFB8 /* homepage_01_00.jpg */; };
		140B94831CEB8BCF00D5AFB8 /* homepage_01_01.jpg in Resources */ = {isa = PBXBuildFile; fileRef = 140B94421CEB8BCF00D5AFB8 /* homepage_01_01.jpg */; };
		140B94841CEB8BCF00D5AFB8 /* homepage_01_02.jpg in Resources */ = {isa = PBXBuildFile; fileRef = 140B94431CEB8BCF00D5AFB8 /* homepage_01_02.jpg */; };
		140B94851CEB8BCF00D5AFB8 /* homepage_01_03.jpg in Resources */ = {isa = PBXBuildFile; fileRef = 140B94441CEB8BCF00D5AFB8 /* homepage_01_03.jpg */; };
		140B94861CEB8BCF00D5AFB8 /* homepage_01_04.jpg in Resources */ = {isa = PBXBuildFile; fileRef = 140B94451CEB8BCF00D5AFB8 /* homepage_01_04.jpg */; };
		140B94871CEB8BCF00D5AFB8 /* homepage_01_05.jpg in Resources */ = {isa = PBXBuildFile; fileRef = 140B94461CEB8BCF00D5AFB8 /* homepage_01_05.jpg */; };
		140B94881CEB8BCF00D5AFB8 /* homepage_01_06.jpg in Resources */ = {isa = PBXBuildFile; fileRef = 140B94471CEB8BCF00D5AFB8 /* homepage_01_06.jpg */; };
		140B94891CEB8BCF00D5AFB8 /* homepage_01_07.jpg in Resources */ = {isa = PBXBuildFile; fileRef = 140B94481CEB8BCF00D5AFB8 /* homepage_01_07.jpg */; };
		140B948A1CEB8BCF00D5AFB8 /* homepage_02_00.jpg in Resources */ = {isa = PBXBuildFile; fileRef = 140B94491CEB8BCF00D5AFB8 /* homepage_02_00.jpg */; };
		140B948B1CEB8BCF00D5AFB8 /* homepage_02_01.jpg in Resources */ = {isa = PBXBuildFile; fileRef = 140B944A1CEB8BCF00D5AFB8 /* homepage_02_01.jpg */; };
		140B948C1CEB8BCF00D5AFB8 /* homepage_02_02.jpg in Resources */ = {isa = PBXBuildFile; fileRef = 140B944B1CEB8BCF00D5AFB8 /* homepage_02_02.jpg */; };
		140B948D1CEB8BCF00D5AFB8 /* homepage_02_03.jpg in Resources */ = {isa = PBXBuildFile; fileRef = 140B944C1CEB8BCF00D5AFB8 /* homepage_02_03.jpg */; };
		140B948E1CEB8BCF00D5AFB8 /* homepage_02_04.jpg in Resources */ = {isa = PBXBuildFile; fileRef = 140B944D1CEB8BCF00D5AFB8 /* homepage_02_04.jpg */; };
		140B948F1CEB8BCF00D5AFB8 /* homepage_02_05.jpg in Resources */ = {isa = PBXBuildFile; fileRef = 140B944E1CEB8BCF00D5AFB8 /* homepage_02_05.jpg */; };
		140B94901CEB8BCF00D5AFB8 /* homepage_02_06.jpg in Resources */ = {isa = PBXBuildFile; fileRef = 140B944F1CEB8BCF00D5AFB8 /* homepage_02_06.jpg */; };
		140B94911CEB8BCF00D5AFB8 /* homepage_02_07.jpg in Resources */ = {isa = PBXBuildFile; fileRef = 140B94501CEB8BCF00D5AFB8 /* homepage_02_07.jpg */; };
		140B94921CEB8BCF00D5AFB8 /* homepage_03_00.jpg in Resources */ = {isa = PBXBuildFile; fileRef = 140B94511CEB8BCF00D5AFB8 /* homepage_03_00.jpg */; };
		140B94931CEB8BCF00D5AFB8 /* homepage_03_01.jpg in Resources */ = {isa = PBXBuildFile; fileRef = 140B94521CEB8BCF00D5AFB8 /* homepage_03_01.jpg */; };
		140B94941CEB8BCF00D5AFB8 /* homepage_03_02.jpg in Resources */ = {isa = PBXBuildFile; fileRef = 140B94531CEB8BCF00D5AFB8 /* homepage_03_02.jpg */; };
		140B94951CEB8BCF00D5AFB8 /* homepage_03_03.jpg in Resources */ = {isa = PBXBuildFile; fileRef = 140B94541CEB8BCF00D5AFB8 /* homepage_03_03.jpg */; };
		140B94961CEB8BCF00D5AFB8 /* homepage_03_04.jpg in Resources */ = {isa = PBXBuildFile; fileRef = 140B94551CEB8BCF00D5AFB8 /* homepage_03_04.jpg */; };
		140B94971CEB8BCF00D5AFB8 /* homepage_03_05.jpg in Resources */ = {isa = PBXBuildFile; fileRef = 140B94561CEB8BCF00D5AFB8 /* homepage_03_05.jpg */; };
		140B94981CEB8BCF00D5AFB8 /* homepage_03_06.jpg in Resources */ = {isa = PBXBuildFile; fileRef = 140B94571CEB8BCF00D5AFB8 /* homepage_03_06.jpg */; };
		140B94991CEB8BCF00D5AFB8 /* homepage_03_07.jpg in Resources */ = {isa = PBXBuildFile; fileRef = 140B94581CEB8BCF00D5AFB8 /* homepage_03_07.jpg */; };
		140B949A1CEB8BCF00D5AFB8 /* homepage_04_00.jpg in Resources */ = {isa = PBXBuildFile; fileRef = 140B94591CEB8BCF00D5AFB8 /* homepage_04_00.jpg */; };
		140B949B1CEB8BCF00D5AFB8 /* homepage_04_01.jpg in Resources */ = {isa = PBXBuildFile; fileRef = 140B945A1CEB8BCF00D5AFB8 /* homepage_04_01.jpg */; };
		140B949C1CEB8BCF00D5AFB8 /* homepage_04_02.jpg in Resources */ = {isa = PBXBuildFile; fileRef = 140B945B1CEB8BCF00D5AFB8 /* homepage_04_02.jpg */; };
		140B949D1CEB8BCF00D5AFB8 /* homepage_04_03.jpg in Resources */ = {isa = PBXBuildFile; fileRef = 140B945C1CEB8BCF00D5AFB8 /* homepage_04_03.jpg */; };
		140B949E1CEB8BCF00D5AFB8 /* homepage_04_04.jpg in Resources */ = {isa = PBXBuildFile; fileRef = 140B945D1CEB8BCF00D5AFB8 /* homepage_04_04.jpg */; };
		140B949F1CEB8BCF00D5AFB8 /* homepage_04_05.jpg in Resources */ = {isa = PBXBuildFile; fileRef = 140B945E1CEB8BCF00D5AFB8 /* homepage_04_05.jpg */; };
		140B94A01CEB8BCF00D5AFB8 /* homepage_04_06.jpg in Resources */ = {isa = PBXBuildFile; fileRef = 140B945F1CEB8BCF00D5AFB8 /* homepage_04_06.jpg */; };
		140B94A11CEB8BCF00D5AFB8 /* homepage_04_07.jpg in Resources */ = {isa = PBXBuildFile; fileRef = 140B94601CEB8BCF00D5AFB8 /* homepage_04_07.jpg */; };
		140B94A21CEB8BCF00D5AFB8 /* homepage_05_00.jpg in Resources */ = {isa = PBXBuildFile; fileRef = 140B94611CEB8BCF00D5AFB8 /* homepage_05_00.jpg */; };
		140B94A31CEB8BCF00D5AFB8 /* homepage_05_01.jpg in Resources */ = {isa = PBXBuildFile; fileRef = 140B94621CEB8BCF00D5AFB8 /* homepage_05_01.jpg */; };
		140B94A41CEB8BCF00D5AFB8 /* homepage_05_02.jpg in Resources */ = {isa = PBXBuildFile; fileRef = 140B94631CEB8BCF00D5AFB8 /* homepage_05_02.jpg */; };
		140B94A51CEB8BCF00D5AFB8 /* homepage_05_03.jpg in Resources */ = {isa = PBXBuildFile; fileRef = 140B94641CEB8BCF00D5AFB8 /* homepage_05_03.jpg */; };
		140B94A61CEB8BCF00D5AFB8 /* homepage_05_04.jpg in Resources */ = {isa = PBXBuildFile; fileRef = 140B94651CEB8BCF00D5AFB8 /* homepage_05_04.jpg */; };
		140B94A71CEB8BCF00D5AFB8 /* homepage_05_05.jpg in Resources */ = {isa = PBXBuildFile; fileRef = 140B94661CEB8BCF00D5AFB8 /* homepage_05_05.jpg */; };
		140B94A81CEB8BCF00D5AFB8 /* homepage_05_06.jpg in Resources */ = {isa = PBXBuildFile; fileRef = 140B94671CEB8BCF00D5AFB8 /* homepage_05_06.jpg */; };
		140B94A91CEB8BCF00D5AFB8 /* homepage_05_07.jpg in Resources */ = {isa = PBXBuildFile; fileRef = 140B94681CEB8BCF00D5AFB8 /* homepage_05_07.jpg */; };
		140B94AA1CEB8BCF00D5AFB8 /* homepage_06_00.jpg in Resources */ = {isa = PBXBuildFile; fileRef = 140B94691CEB8BCF00D5AFB8 /* homepage_06_00.jpg */; };
		140B94AB1CEB8BCF00D5AFB8 /* homepage_06_01.jpg in Resources */ = {isa = PBXBuildFile; fileRef = 140B946A1CEB8BCF00D5AFB8 /* homepage_06_01.jpg */; };
		140B94AC1CEB8BCF00D5AFB8 /* homepage_06_02.jpg in Resources */ = {isa = PBXBuildFile; fileRef = 140B946B1CEB8BCF00D5AFB8 /* homepage_06_02.jpg */; };
		140B94AD1CEB8BCF00D5AFB8 /* homepage_06_03.jpg in Resources */ = {isa = PBXBuildFile; fileRef = 140B946C1CEB8BCF00D5AFB8 /* homepage_06_03.jpg */; };
		140B94AE1CEB8BCF00D5AFB8 /* homepage_06_04.jpg in Resources */ = {isa = PBXBuildFile; fileRef = 140B946D1CEB8BCF00D5AFB8 /* homepage_06_04.jpg */; };
		140B94AF1CEB8BCF00D5AFB8 /* homepage_06_05.jpg in Resources */ = {isa = PBXBuildFile; fileRef = 140B946E1CEB8BCF00D5AFB8 /* homepage_06_05.jpg */; };
		140B94B01CEB8BCF00D5AFB8 /* homepage_06_06.jpg in Resources */ = {isa = PBXBuildFile; fileRef = 140B946F1CEB8BCF00D5AFB8 /* homepage_06_06.jpg */; };
		140B94B11CEB8BCF00D5AFB8 /* homepage_06_07.jpg in Resources */ = {isa = PBXBuildFile; fileRef = 140B94701CEB8BCF00D5AFB8 /* homepage_06_07.jpg */; };
		140B94B21CEB8BCF00D5AFB8 /* homepage_07_00.jpg in Resources */ = {isa = PBXBuildFile; fileRef = 140B94711CEB8BCF00D5AFB8 /* homepage_07_00.jpg */; };
		140B94B31CEB8BCF00D5AFB8 /* homepage_07_01.jpg in Resources */ = {isa = PBXBuildFile; fileRef = 140B94721CEB8BCF00D5AFB8 /* homepage_07_01.jpg */; };
		140B94B41CEB8BCF00D5AFB8 /* homepage_07_02.jpg in Resources */ = {isa = PBXBuildFile; fileRef = 140B94731CEB8BCF00D5AFB8 /* homepage_07_02.jpg */; };
		140B94B51CEB8BCF00D5AFB8 /* homepage_07_03.jpg in Resources */ = {isa = PBXBuildFile; fileRef = 140B94741CEB8BCF00D5AFB8 /* homepage_07_03.jpg */; };
		140B94B61CEB8BCF00D5AFB8 /* homepage_07_04.jpg in Resources */ = {isa = PBXBuildFile; fileRef = 140B94751CEB8BCF00D5AFB8 /* homepage_07_04.jpg */; };
		140B94B71CEB8BCF00D5AFB8 /* homepage_07_05.jpg in Resources */ = {isa = PBXBuildFile; fileRef = 140B94761CEB8BCF00D5AFB8 /* homepage_07_05.jpg */; };
		140B94B81CEB8BCF00D5AFB8 /* homepage_07_06.jpg in Resources */ = {isa = PBXBuildFile; fileRef = 140B94771CEB8BCF00D5AFB8 /* homepage_07_06.jpg */; };
		140B94B91CEB8BCF00D5AFB8 /* homepage_07_07.jpg in Resources */ = {isa = PBXBuildFile; fileRef = 140B94781CEB8BCF00D5AFB8 /* homepage_07_07.jpg */; };
		140BFA411CE33003001D0360 /* MatchManViewController.swift in Sources */ = {isa = PBXBuildFile; fileRef = 140BFA401CE33003001D0360 /* MatchManViewController.swift */; };
		140C252B1CDCE0F3008047E9 /* AppDelegate.swift in Sources */ = {isa = PBXBuildFile; fileRef = 140C252A1CDCE0F3008047E9 /* AppDelegate.swift */; };
		140C252D1CDCE0F3008047E9 /* Base.swift in Sources */ = {isa = PBXBuildFile; fileRef = 140C252C1CDCE0F3008047E9 /* Base.swift */; };
		140C25321CDCE0F4008047E9 /* Assets.xcassets in Resources */ = {isa = PBXBuildFile; fileRef = 140C25311CDCE0F4008047E9 /* Assets.xcassets */; };
		140C25351CDCE0F4008047E9 /* LaunchScreen.storyboard in Resources */ = {isa = PBXBuildFile; fileRef = 140C25331CDCE0F4008047E9 /* LaunchScreen.storyboard */; };
		140C253D1CDCE41A008047E9 /* UIView+Frame.swift in Sources */ = {isa = PBXBuildFile; fileRef = 140C253C1CDCE41A008047E9 /* UIView+Frame.swift */; };
		142E909B1CEC2B15006364E2 /* EmitterLayerViewController.swift in Sources */ = {isa = PBXBuildFile; fileRef = 142E909A1CEC2B15006364E2 /* EmitterLayerViewController.swift */; };
		1446E9561CE41B9D00D5ADDA /* TransformLayerViewController.swift in Sources */ = {isa = PBXBuildFile; fileRef = 1446E9551CE41B9D00D5ADDA /* TransformLayerViewController.swift */; };
		1446E95B1CE4AFD300D5ADDA /* ImageLayerViewController.swift in Sources */ = {isa = PBXBuildFile; fileRef = 1446E95A1CE4AFD300D5ADDA /* ImageLayerViewController.swift */; };
		148B9CF91CDF0CB6006D3DDF /* CircularLoaderView.swift in Sources */ = {isa = PBXBuildFile; fileRef = 148B9CF81CDF0CB6006D3DDF /* CircularLoaderView.swift */; };
		148B9CFB1CDF249C006D3DDF /* ProgressViewConroller.swift in Sources */ = {isa = PBXBuildFile; fileRef = 148B9CFA1CDF249C006D3DDF /* ProgressViewConroller.swift */; };
		148B9D1B1CDF24DD006D3DDF /* SDImageCache.m in Sources */ = {isa = PBXBuildFile; fileRef = 148B9CFE1CDF24DD006D3DDF /* SDImageCache.m */; };
		148B9D1C1CDF24DD006D3DDF /* SDWebImageDownloaderOperation.m in Sources */ = {isa = PBXBuildFile; fileRef = 148B9CFF1CDF24DD006D3DDF /* SDWebImageDownloaderOperation.m */; };
		148B9D1D1CDF24DD006D3DDF /* SDWebImageManager.m in Sources */ = {isa = PBXBuildFile; fileRef = 148B9D001CDF24DD006D3DDF /* SDWebImageManager.m */; };
		148B9D1E1CDF24DD006D3DDF /* UIButton+WebCache.m in Sources */ = {isa = PBXBuildFile; fileRef = 148B9D021CDF24DD006D3DDF /* UIButton+WebCache.m */; };
		148B9D1F1CDF24DD006D3DDF /* SDWebImageDownloader.m in Sources */ = {isa = PBXBuildFile; fileRef = 148B9D031CDF24DD006D3DDF /* SDWebImageDownloader.m */; };
		148B9D201CDF24DD006D3DDF /* UIImageView+WebCache.m in Sources */ = {isa = PBXBuildFile; fileRef = 148B9D061CDF24DD006D3DDF /* UIImageView+WebCache.m */; };
		148B9D211CDF24DD006D3DDF /* SDWebImagePrefetcher.m in Sources */ = {isa = PBXBuildFile; fileRef = 148B9D0A1CDF24DD006D3DDF /* SDWebImagePrefetcher.m */; };
		148B9D221CDF24DD006D3DDF /* UIImage+GIF.m in Sources */ = {isa = PBXBuildFile; fileRef = 148B9D0B1CDF24DD006D3DDF /* UIImage+GIF.m */; };
		148B9D231CDF24DD006D3DDF /* UIImageView+HighlightedWebCache.m in Sources */ = {isa = PBXBuildFile; fileRef = 148B9D0C1CDF24DD006D3DDF /* UIImageView+HighlightedWebCache.m */; };
		148B9D241CDF24DD006D3DDF /* UIImage+MultiFormat.m in Sources */ = {isa = PBXBuildFile; fileRef = 148B9D0E1CDF24DD006D3DDF /* UIImage+MultiFormat.m */; };
		148B9D251CDF24DD006D3DDF /* SDWebImageDecoder.m in Sources */ = {isa = PBXBuildFile; fileRef = 148B9D0F1CDF24DD006D3DDF /* SDWebImageDecoder.m */; };
		148B9D261CDF24DD006D3DDF /* UIView+WebCacheOperation.m in Sources */ = {isa = PBXBuildFile; fileRef = 148B9D111CDF24DD006D3DDF /* UIView+WebCacheOperation.m */; };
		148B9D271CDF24DD006D3DDF /* SDWebImageCompat.m in Sources */ = {isa = PBXBuildFile; fileRef = 148B9D131CDF24DD006D3DDF /* SDWebImageCompat.m */; };
		148B9D281CDF24DD006D3DDF /* NSData+ImageContentType.m in Sources */ = {isa = PBXBuildFile; fileRef = 148B9D141CDF24DD006D3DDF /* NSData+ImageContentType.m */; };
		149AB52E1CECAC57009F6C7C /* GAEAGLLayerViewController.swift in Sources */ = {isa = PBXBuildFile; fileRef = 149AB52D1CECAC57009F6C7C /* GAEAGLLayerViewController.swift */; };
		149AB57C1CED90D8009F6C7C /* colorfulStreak.m4v in Resources */ = {isa = PBXBuildFile; fileRef = 149AB57B1CED90D8009F6C7C /* colorfulStreak.m4v */; };
		149AB57E1CED90F8009F6C7C /* PlayerLayerViewController.swift in Sources */ = {isa = PBXBuildFile; fileRef = 149AB57D1CED90F8009F6C7C /* PlayerLayerViewController.swift */; };
		149AB5801CEDE966009F6C7C /* ObviousAnimationViewController.swift in Sources */ = {isa = PBXBuildFile; fileRef = 149AB57F1CEDE966009F6C7C /* ObviousAnimationViewController.swift */; };
		149AB5821CEF3486009F6C7C /* GroupAnimationViewController.swift in Sources */ = {isa = PBXBuildFile; fileRef = 149AB5811CEF3486009F6C7C /* GroupAnimationViewController.swift */; };
		149AB5841CEF3EEC009F6C7C /* TimingViewController.swift in Sources */ = {isa = PBXBuildFile; fileRef = 149AB5831CEF3EEC009F6C7C /* TimingViewController.swift */; };
		14B45BE91CE1F9ED00A28189 /* UIColor+Expanded.swift in Sources */ = {isa = PBXBuildFile; fileRef = 14B45BE81CE1F9ED00A28189 /* UIColor+Expanded.swift */; };
		14E9F3BE1CDF3A0C002A278E /* LED-ClockViewController.swift in Sources */ = {isa = PBXBuildFile; fileRef = 14E9F3BD1CDF3A0C002A278E /* LED-ClockViewController.swift */; };
		14FF69681CDE1547006890EC /* Shadow.swift in Sources */ = {isa = PBXBuildFile; fileRef = 14FF69671CDE1547006890EC /* Shadow.swift */; };
/* End PBXBuildFile section */

/* Begin PBXFileReference section */
		140716481CE02A20006179B7 /* TransformViewController.swift */ = {isa = PBXFileReference; fileEncoding = 4; lastKnownFileType = sourcecode.swift; path = TransformViewController.swift; sourceTree = "<group>"; };
		140716491CE02A20006179B7 /* TransformViewController.xib */ = {isa = PBXFileReference; fileEncoding = 4; lastKnownFileType = file.xib; path = TransformViewController.xib; sourceTree = "<group>"; };
		1407164C1CE05C16006179B7 /* CubeViewController.swift */ = {isa = PBXFileReference; fileEncoding = 4; lastKnownFileType = sourcecode.swift; path = CubeViewController.swift; sourceTree = "<group>"; };
		14083DD61CF0979B0003440E /* DrawingViewController.swift */ = {isa = PBXFileReference; fileEncoding = 4; lastKnownFileType = sourcecode.swift; path = DrawingViewController.swift; sourceTree = "<group>"; };
		14083DDB1CF0A9100003440E /* DrawingView.swift */ = {isa = PBXFileReference; fileEncoding = 4; lastKnownFileType = sourcecode.swift; path = DrawingView.swift; sourceTree = "<group>"; };
		140B94381CEB8BCF00D5AFB8 /* homepage.jpg */ = {isa = PBXFileReference; lastKnownFileType = image.jpeg; path = homepage.jpg; sourceTree = "<group>"; };
		140B94391CEB8BCF00D5AFB8 /* homepage_00_00.jpg */ = {isa = PBXFileReference; lastKnownFileType = image.jpeg; path = homepage_00_00.jpg; sourceTree = "<group>"; };
		140B943A1CEB8BCF00D5AFB8 /* homepage_00_01.jpg */ = {isa = PBXFileReference; lastKnownFileType = image.jpeg; path = homepage_00_01.jpg; sourceTree = "<group>"; };
		140B943B1CEB8BCF00D5AFB8 /* homepage_00_02.jpg */ = {isa = PBXFileReference; lastKnownFileType = image.jpeg; path = homepage_00_02.jpg; sourceTree = "<group>"; };
		140B943C1CEB8BCF00D5AFB8 /* homepage_00_03.jpg */ = {isa = PBXFileReference; lastKnownFileType = image.jpeg; path = homepage_00_03.jpg; sourceTree = "<group>"; };
		140B943D1CEB8BCF00D5AFB8 /* homepage_00_04.jpg */ = {isa = PBXFileReference; lastKnownFileType = image.jpeg; path = homepage_00_04.jpg; sourceTree = "<group>"; };
		140B943E1CEB8BCF00D5AFB8 /* homepage_00_05.jpg */ = {isa = PBXFileReference; lastKnownFileType = image.jpeg; path = homepage_00_05.jpg; sourceTree = "<group>"; };
		140B943F1CEB8BCF00D5AFB8 /* homepage_00_06.jpg */ = {isa = PBXFileReference; lastKnownFileType = image.jpeg; path = homepage_00_06.jpg; sourceTree = "<group>"; };
		140B94401CEB8BCF00D5AFB8 /* homepage_00_07.jpg */ = {isa = PBXFileReference; lastKnownFileType = image.jpeg; path = homepage_00_07.jpg; sourceTree = "<group>"; };
		140B94411CEB8BCF00D5AFB8 /* homepage_01_00.jpg */ = {isa = PBXFileReference; lastKnownFileType = image.jpeg; path = homepage_01_00.jpg; sourceTree = "<group>"; };
		140B94421CEB8BCF00D5AFB8 /* homepage_01_01.jpg */ = {isa = PBXFileReference; lastKnownFileType = image.jpeg; path = homepage_01_01.jpg; sourceTree = "<group>"; };
		140B94431CEB8BCF00D5AFB8 /* homepage_01_02.jpg */ = {isa = PBXFileReference; lastKnownFileType = image.jpeg; path = homepage_01_02.jpg; sourceTree = "<group>"; };
		140B94441CEB8BCF00D5AFB8 /* homepage_01_03.jpg */ = {isa = PBXFileReference; lastKnownFileType = image.jpeg; path = homepage_01_03.jpg; sourceTree = "<group>"; };
		140B94451CEB8BCF00D5AFB8 /* homepage_01_04.jpg */ = {isa = PBXFileReference; lastKnownFileType = image.jpeg; path = homepage_01_04.jpg; sourceTree = "<group>"; };
		140B94461CEB8BCF00D5AFB8 /* homepage_01_05.jpg */ = {isa = PBXFileReference; lastKnownFileType = image.jpeg; path = homepage_01_05.jpg; sourceTree = "<group>"; };
		140B94471CEB8BCF00D5AFB8 /* homepage_01_06.jpg */ = {isa = PBXFileReference; lastKnownFileType = image.jpeg; path = homepage_01_06.jpg; sourceTree = "<group>"; };
		140B94481CEB8BCF00D5AFB8 /* homepage_01_07.jpg */ = {isa = PBXFileReference; lastKnownFileType = image.jpeg; path = homepage_01_07.jpg; sourceTree = "<group>"; };
		140B94491CEB8BCF00D5AFB8 /* homepage_02_00.jpg */ = {isa = PBXFileReference; lastKnownFileType = image.jpeg; path = homepage_02_00.jpg; sourceTree = "<group>"; };
		140B944A1CEB8BCF00D5AFB8 /* homepage_02_01.jpg */ = {isa = PBXFileReference; lastKnownFileType = image.jpeg; path = homepage_02_01.jpg; sourceTree = "<group>"; };
		140B944B1CEB8BCF00D5AFB8 /* homepage_02_02.jpg */ = {isa = PBXFileReference; lastKnownFileType = image.jpeg; path = homepage_02_02.jpg; sourceTree = "<group>"; };
		140B944C1CEB8BCF00D5AFB8 /* homepage_02_03.jpg */ = {isa = PBXFileReference; lastKnownFileType = image.jpeg; path = homepage_02_03.jpg; sourceTree = "<group>"; };
		140B944D1CEB8BCF00D5AFB8 /* homepage_02_04.jpg */ = {isa = PBXFileReference; lastKnownFileType = image.jpeg; path = homepage_02_04.jpg; sourceTree = "<group>"; };
		140B944E1CEB8BCF00D5AFB8 /* homepage_02_05.jpg */ = {isa = PBXFileReference; lastKnownFileType = image.jpeg; path = homepage_02_05.jpg; sourceTree = "<group>"; };
		140B944F1CEB8BCF00D5AFB8 /* homepage_02_06.jpg */ = {isa = PBXFileReference; lastKnownFileType = image.jpeg; path = homepage_02_06.jpg; sourceTree = "<group>"; };
		140B94501CEB8BCF00D5AFB8 /* homepage_02_07.jpg */ = {isa = PBXFileReference; lastKnownFileType = image.jpeg; path = homepage_02_07.jpg; sourceTree = "<group>"; };
		140B94511CEB8BCF00D5AFB8 /* homepage_03_00.jpg */ = {isa = PBXFileReference; lastKnownFileType = image.jpeg; path = homepage_03_00.jpg; sourceTree = "<group>"; };
		140B94521CEB8BCF00D5AFB8 /* homepage_03_01.jpg */ = {isa = PBXFileReference; lastKnownFileType = image.jpeg; path = homepage_03_01.jpg; sourceTree = "<group>"; };
		140B94531CEB8BCF00D5AFB8 /* homepage_03_02.jpg */ = {isa = PBXFileReference; lastKnownFileType = image.jpeg; path = homepage_03_02.jpg; sourceTree = "<group>"; };
		140B94541CEB8BCF00D5AFB8 /* homepage_03_03.jpg */ = {isa = PBXFileReference; lastKnownFileType = image.jpeg; path = homepage_03_03.jpg; sourceTree = "<group>"; };
		140B94551CEB8BCF00D5AFB8 /* homepage_03_04.jpg */ = {isa = PBXFileReference; lastKnownFileType = image.jpeg; path = homepage_03_04.jpg; sourceTree = "<group>"; };
		140B94561CEB8BCF00D5AFB8 /* homepage_03_05.jpg */ = {isa = PBXFileReference; lastKnownFileType = image.jpeg; path = homepage_03_05.jpg; sourceTree = "<group>"; };
		140B94571CEB8BCF00D5AFB8 /* homepage_03_06.jpg */ = {isa = PBXFileReference; lastKnownFileType = image.jpeg; path = homepage_03_06.jpg; sourceTree = "<group>"; };
		140B94581CEB8BCF00D5AFB8 /* homepage_03_07.jpg */ = {isa = PBXFileReference; lastKnownFileType = image.jpeg; path = homepage_03_07.jpg; sourceTree = "<group>"; };
		140B94591CEB8BCF00D5AFB8 /* homepage_04_00.jpg */ = {isa = PBXFileReference; lastKnownFileType = image.jpeg; path = homepage_04_00.jpg; sourceTree = "<group>"; };
		140B945A1CEB8BCF00D5AFB8 /* homepage_04_01.jpg */ = {isa = PBXFileReference; lastKnownFileType = image.jpeg; path = homepage_04_01.jpg; sourceTree = "<group>"; };
		140B945B1CEB8BCF00D5AFB8 /* homepage_04_02.jpg */ = {isa = PBXFileReference; lastKnownFileType = image.jpeg; path = homepage_04_02.jpg; sourceTree = "<group>"; };
		140B945C1CEB8BCF00D5AFB8 /* homepage_04_03.jpg */ = {isa = PBXFileReference; lastKnownFileType = image.jpeg; path = homepage_04_03.jpg; sourceTree = "<group>"; };
		140B945D1CEB8BCF00D5AFB8 /* homepage_04_04.jpg */ = {isa = PBXFileReference; lastKnownFileType = image.jpeg; path = homepage_04_04.jpg; sourceTree = "<group>"; };
		140B945E1CEB8BCF00D5AFB8 /* homepage_04_05.jpg */ = {isa = PBXFileReference; lastKnownFileType = image.jpeg; path = homepage_04_05.jpg; sourceTree = "<group>"; };
		140B945F1CEB8BCF00D5AFB8 /* homepage_04_06.jpg */ = {isa = PBXFileReference; lastKnownFileType = image.jpeg; path = homepage_04_06.jpg; sourceTree = "<group>"; };
		140B94601CEB8BCF00D5AFB8 /* homepage_04_07.jpg */ = {isa = PBXFileReference; lastKnownFileType = image.jpeg; path = homepage_04_07.jpg; sourceTree = "<group>"; };
		140B94611CEB8BCF00D5AFB8 /* homepage_05_00.jpg */ = {isa = PBXFileReference; lastKnownFileType = image.jpeg; path = homepage_05_00.jpg; sourceTree = "<group>"; };
		140B94621CEB8BCF00D5AFB8 /* homepage_05_01.jpg */ = {isa = PBXFileReference; lastKnownFileType = image.jpeg; path = homepage_05_01.jpg; sourceTree = "<group>"; };
		140B94631CEB8BCF00D5AFB8 /* homepage_05_02.jpg */ = {isa = PBXFileReference; lastKnownFileType = image.jpeg; path = homepage_05_02.jpg; sourceTree = "<group>"; };
		140B94641CEB8BCF00D5AFB8 /* homepage_05_03.jpg */ = {isa = PBXFileReference; lastKnownFileType = image.jpeg; path = homepage_05_03.jpg; sourceTree = "<group>"; };
		140B94651CEB8BCF00D5AFB8 /* homepage_05_04.jpg */ = {isa = PBXFileReference; lastKnownFileType = image.jpeg; path = homepage_05_04.jpg; sourceTree = "<group>"; };
		140B94661CEB8BCF00D5AFB8 /* homepage_05_05.jpg */ = {isa = PBXFileReference; lastKnownFileType = image.jpeg; path = homepage_05_05.jpg; sourceTree = "<group>"; };
		140B94671CEB8BCF00D5AFB8 /* homepage_05_06.jpg */ = {isa = PBXFileReference; lastKnownFileType = image.jpeg; path = homepage_05_06.jpg; sourceTree = "<group>"; };
		140B94681CEB8BCF00D5AFB8 /* homepage_05_07.jpg */ = {isa = PBXFileReference; lastKnownFileType = image.jpeg; path = homepage_05_07.jpg; sourceTree = "<group>"; };
		140B94691CEB8BCF00D5AFB8 /* homepage_06_00.jpg */ = {isa = PBXFileReference; lastKnownFileType = image.jpeg; path = homepage_06_00.jpg; sourceTree = "<group>"; };
		140B946A1CEB8BCF00D5AFB8 /* homepage_06_01.jpg */ = {isa = PBXFileReference; lastKnownFileType = image.jpeg; path = homepage_06_01.jpg; sourceTree = "<group>"; };
		140B946B1CEB8BCF00D5AFB8 /* homepage_06_02.jpg */ = {isa = PBXFileReference; lastKnownFileType = image.jpeg; path = homepage_06_02.jpg; sourceTree = "<group>"; };
		140B946C1CEB8BCF00D5AFB8 /* homepage_06_03.jpg */ = {isa = PBXFileReference; lastKnownFileType = image.jpeg; path = homepage_06_03.jpg; sourceTree = "<group>"; };
		140B946D1CEB8BCF00D5AFB8 /* homepage_06_04.jpg */ = {isa = PBXFileReference; lastKnownFileType = image.jpeg; path = homepage_06_04.jpg; sourceTree = "<group>"; };
		140B946E1CEB8BCF00D5AFB8 /* homepage_06_05.jpg */ = {isa = PBXFileReference; lastKnownFileType = image.jpeg; path = homepage_06_05.jpg; sourceTree = "<group>"; };
		140B946F1CEB8BCF00D5AFB8 /* homepage_06_06.jpg */ = {isa = PBXFileReference; lastKnownFileType = image.jpeg; path = homepage_06_06.jpg; sourceTree = "<group>"; };
		140B94701CEB8BCF00D5AFB8 /* homepage_06_07.jpg */ = {isa = PBXFileReference; lastKnownFileType = image.jpeg; path = homepage_06_07.jpg; sourceTree = "<group>"; };
		140B94711CEB8BCF00D5AFB8 /* homepage_07_00.jpg */ = {isa = PBXFileReference; lastKnownFileType = image.jpeg; path = homepage_07_00.jpg; sourceTree = "<group>"; };
		140B94721CEB8BCF00D5AFB8 /* homepage_07_01.jpg */ = {isa = PBXFileReference; lastKnownFileType = image.jpeg; path = homepage_07_01.jpg; sourceTree = "<group>"; };
		140B94731CEB8BCF00D5AFB8 /* homepage_07_02.jpg */ = {isa = PBXFileReference; lastKnownFileType = image.jpeg; path = homepage_07_02.jpg; sourceTree = "<group>"; };
		140B94741CEB8BCF00D5AFB8 /* homepage_07_03.jpg */ = {isa = PBXFileReference; lastKnownFileType = image.jpeg; path = homepage_07_03.jpg; sourceTree = "<group>"; };
		140B94751CEB8BCF00D5AFB8 /* homepage_07_04.jpg */ = {isa = PBXFileReference; lastKnownFileType = image.jpeg; path = homepage_07_04.jpg; sourceTree = "<group>"; };
		140B94761CEB8BCF00D5AFB8 /* homepage_07_05.jpg */ = {isa = PBXFileReference; lastKnownFileType = image.jpeg; path = homepage_07_05.jpg; sourceTree = "<group>"; };
		140B94771CEB8BCF00D5AFB8 /* homepage_07_06.jpg */ = {isa = PBXFileReference; lastKnownFileType = image.jpeg; path = homepage_07_06.jpg; sourceTree = "<group>"; };
		140B94781CEB8BCF00D5AFB8 /* homepage_07_07.jpg */ = {isa = PBXFileReference; lastKnownFileType = image.jpeg; path = homepage_07_07.jpg; sourceTree = "<group>"; };
		140BFA401CE33003001D0360 /* MatchManViewController.swift */ = {isa = PBXFileReference; fileEncoding = 4; lastKnownFileType = sourcecode.swift; path = MatchManViewController.swift; sourceTree = "<group>"; };
		140C25271CDCE0F3008047E9 /* Animation-Swift.app */ = {isa = PBXFileReference; explicitFileType = wrapper.application; includeInIndex = 0; path = "Animation-Swift.app"; sourceTree = BUILT_PRODUCTS_DIR; };
		140C252A1CDCE0F3008047E9 /* AppDelegate.swift */ = {isa = PBXFileReference; lastKnownFileType = sourcecode.swift; path = AppDelegate.swift; sourceTree = "<group>"; };
		140C252C1CDCE0F3008047E9 /* Base.swift */ = {isa = PBXFileReference; lastKnownFileType = sourcecode.swift; path = Base.swift; sourceTree = "<group>"; };
		140C25311CDCE0F4008047E9 /* Assets.xcassets */ = {isa = PBXFileReference; lastKnownFileType = folder.assetcatalog; path = Assets.xcassets; sourceTree = "<group>"; };
		140C25341CDCE0F4008047E9 /* Base */ = {isa = PBXFileReference; lastKnownFileType = file.storyboard; name = Base; path = Base.lproj/LaunchScreen.storyboard; sourceTree = "<group>"; };
		140C25361CDCE0F4008047E9 /* Info.plist */ = {isa = PBXFileReference; lastKnownFileType = text.plist.xml; path = Info.plist; sourceTree = "<group>"; };
		140C253C1CDCE41A008047E9 /* UIView+Frame.swift */ = {isa = PBXFileReference; fileEncoding = 4; lastKnownFileType = sourcecode.swift; path = "UIView+Frame.swift"; sourceTree = "<group>"; };
		142E909A1CEC2B15006364E2 /* EmitterLayerViewController.swift */ = {isa = PBXFileReference; fileEncoding = 4; lastKnownFileType = sourcecode.swift; path = EmitterLayerViewController.swift; sourceTree = "<group>"; };
		1446E9551CE41B9D00D5ADDA /* TransformLayerViewController.swift */ = {isa = PBXFileReference; fileEncoding = 4; lastKnownFileType = sourcecode.swift; path = TransformLayerViewController.swift; sourceTree = "<group>"; };
		1446E95A1CE4AFD300D5ADDA /* ImageLayerViewController.swift */ = {isa = PBXFileReference; fileEncoding = 4; lastKnownFileType = sourcecode.swift; path = ImageLayerViewController.swift; sourceTree = "<group>"; };
		148B9CF81CDF0CB6006D3DDF /* CircularLoaderView.swift */ = {isa = PBXFileReference; fileEncoding = 4; lastKnownFileType = sourcecode.swift; path = CircularLoaderView.swift; sourceTree = "<group>"; };
		148B9CFA1CDF249C006D3DDF /* ProgressViewConroller.swift */ = {isa = PBXFileReference; fileEncoding = 4; lastKnownFileType = sourcecode.swift; path = ProgressViewConroller.swift; sourceTree = "<group>"; };
		148B9CFE1CDF24DD006D3DDF /* SDImageCache.m */ = {isa = PBXFileReference; fileEncoding = 4; lastKnownFileType = sourcecode.c.objc; path = SDImageCache.m; sourceTree = "<group>"; };
		148B9CFF1CDF24DD006D3DDF /* SDWebImageDownloaderOperation.m */ = {isa = PBXFileReference; fileEncoding = 4; lastKnownFileType = sourcecode.c.objc; path = SDWebImageDownloaderOperation.m; sourceTree = "<group>"; };
		148B9D001CDF24DD006D3DDF /* SDWebImageManager.m */ = {isa = PBXFileReference; fileEncoding = 4; lastKnownFileType = sourcecode.c.objc; path = SDWebImageManager.m; sourceTree = "<group>"; };
		148B9D011CDF24DD006D3DDF /* UIButton+WebCache.h */ = {isa = PBXFileReference; fileEncoding = 4; lastKnownFileType = sourcecode.c.h; path = "UIButton+WebCache.h"; sourceTree = "<group>"; };
		148B9D021CDF24DD006D3DDF /* UIButton+WebCache.m */ = {isa = PBXFileReference; fileEncoding = 4; lastKnownFileType = sourcecode.c.objc; path = "UIButton+WebCache.m"; sourceTree = "<group>"; };
		148B9D031CDF24DD006D3DDF /* SDWebImageDownloader.m */ = {isa = PBXFileReference; fileEncoding = 4; lastKnownFileType = sourcecode.c.objc; path = SDWebImageDownloader.m; sourceTree = "<group>"; };
		148B9D041CDF24DD006D3DDF /* SDWebImageManager.h */ = {isa = PBXFileReference; fileEncoding = 4; lastKnownFileType = sourcecode.c.h; path = SDWebImageManager.h; sourceTree = "<group>"; };
		148B9D051CDF24DD006D3DDF /* UIImageView+WebCache.h */ = {isa = PBXFileReference; fileEncoding = 4; lastKnownFileType = sourcecode.c.h; path = "UIImageView+WebCache.h"; sourceTree = "<group>"; };
		148B9D061CDF24DD006D3DDF /* UIImageView+WebCache.m */ = {isa = PBXFileReference; fileEncoding = 4; lastKnownFileType = sourcecode.c.objc; path = "UIImageView+WebCache.m"; sourceTree = "<group>"; };
		148B9D071CDF24DD006D3DDF /* SDImageCache.h */ = {isa = PBXFileReference; fileEncoding = 4; lastKnownFileType = sourcecode.c.h; path = SDImageCache.h; sourceTree = "<group>"; };
		148B9D081CDF24DD006D3DDF /* SDWebImageDownloader.h */ = {isa = PBXFileReference; fileEncoding = 4; lastKnownFileType = sourcecode.c.h; path = SDWebImageDownloader.h; sourceTree = "<group>"; };
		148B9D091CDF24DD006D3DDF /* UIImageView+HighlightedWebCache.h */ = {isa = PBXFileReference; fileEncoding = 4; lastKnownFileType = sourcecode.c.h; path = "UIImageView+HighlightedWebCache.h"; sourceTree = "<group>"; };
		148B9D0A1CDF24DD006D3DDF /* SDWebImagePrefetcher.m */ = {isa = PBXFileReference; fileEncoding = 4; lastKnownFileType = sourcecode.c.objc; path = SDWebImagePrefetcher.m; sourceTree = "<group>"; };
		148B9D0B1CDF24DD006D3DDF /* UIImage+GIF.m */ = {isa = PBXFileReference; fileEncoding = 4; lastKnownFileType = sourcecode.c.objc; path = "UIImage+GIF.m"; sourceTree = "<group>"; };
		148B9D0C1CDF24DD006D3DDF /* UIImageView+HighlightedWebCache.m */ = {isa = PBXFileReference; fileEncoding = 4; lastKnownFileType = sourcecode.c.objc; path = "UIImageView+HighlightedWebCache.m"; sourceTree = "<group>"; };
		148B9D0D1CDF24DD006D3DDF /* SDWebImagePrefetcher.h */ = {isa = PBXFileReference; fileEncoding = 4; lastKnownFileType = sourcecode.c.h; path = SDWebImagePrefetcher.h; sourceTree = "<group>"; };
		148B9D0E1CDF24DD006D3DDF /* UIImage+MultiFormat.m */ = {isa = PBXFileReference; fileEncoding = 4; lastKnownFileType = sourcecode.c.objc; path = "UIImage+MultiFormat.m"; sourceTree = "<group>"; };
		148B9D0F1CDF24DD006D3DDF /* SDWebImageDecoder.m */ = {isa = PBXFileReference; fileEncoding = 4; lastKnownFileType = sourcecode.c.objc; path = SDWebImageDecoder.m; sourceTree = "<group>"; };
		148B9D101CDF24DD006D3DDF /* SDWebImageDownloaderOperation.h */ = {isa = PBXFileReference; fileEncoding = 4; lastKnownFileType = sourcecode.c.h; path = SDWebImageDownloaderOperation.h; sourceTree = "<group>"; };
		148B9D111CDF24DD006D3DDF /* UIView+WebCacheOperation.m */ = {isa = PBXFileReference; fileEncoding = 4; lastKnownFileType = sourcecode.c.objc; path = "UIView+WebCacheOperation.m"; sourceTree = "<group>"; };
		148B9D121CDF24DD006D3DDF /* SDWebImageCompat.h */ = {isa = PBXFileReference; fileEncoding = 4; lastKnownFileType = sourcecode.c.h; path = SDWebImageCompat.h; sourceTree = "<group>"; };
		148B9D131CDF24DD006D3DDF /* SDWebImageCompat.m */ = {isa = PBXFileReference; fileEncoding = 4; lastKnownFileType = sourcecode.c.objc; path = SDWebImageCompat.m; sourceTree = "<group>"; };
		148B9D141CDF24DD006D3DDF /* NSData+ImageContentType.m */ = {isa = PBXFileReference; fileEncoding = 4; lastKnownFileType = sourcecode.c.objc; path = "NSData+ImageContentType.m"; sourceTree = "<group>"; };
		148B9D151CDF24DD006D3DDF /* UIView+WebCacheOperation.h */ = {isa = PBXFileReference; fileEncoding = 4; lastKnownFileType = sourcecode.c.h; path = "UIView+WebCacheOperation.h"; sourceTree = "<group>"; };
		148B9D161CDF24DD006D3DDF /* NSData+ImageContentType.h */ = {isa = PBXFileReference; fileEncoding = 4; lastKnownFileType = sourcecode.c.h; path = "NSData+ImageContentType.h"; sourceTree = "<group>"; };
		148B9D171CDF24DD006D3DDF /* SDWebImageDecoder.h */ = {isa = PBXFileReference; fileEncoding = 4; lastKnownFileType = sourcecode.c.h; path = SDWebImageDecoder.h; sourceTree = "<group>"; };
		148B9D181CDF24DD006D3DDF /* UIImage+GIF.h */ = {isa = PBXFileReference; fileEncoding = 4; lastKnownFileType = sourcecode.c.h; path = "UIImage+GIF.h"; sourceTree = "<group>"; };
		148B9D191CDF24DD006D3DDF /* SDWebImageOperation.h */ = {isa = PBXFileReference; fileEncoding = 4; lastKnownFileType = sourcecode.c.h; path = SDWebImageOperation.h; sourceTree = "<group>"; };
		148B9D1A1CDF24DD006D3DDF /* UIImage+MultiFormat.h */ = {isa = PBXFileReference; fileEncoding = 4; lastKnownFileType = sourcecode.c.h; path = "UIImage+MultiFormat.h"; sourceTree = "<group>"; };
		148B9D2A1CDF2511006D3DDF /* ImageLoaderIndicator-Bridging-Header.h */ = {isa = PBXFileReference; fileEncoding = 4; lastKnownFileType = sourcecode.c.h; name = "ImageLoaderIndicator-Bridging-Header.h"; path = "Animation-Swift/ImageLoaderIndicator-Bridging-Header.h"; sourceTree = "<group>"; };
		149AB52D1CECAC57009F6C7C /* GAEAGLLayerViewController.swift */ = {isa = PBXFileReference; fileEncoding = 4; lastKnownFileType = sourcecode.swift; path = GAEAGLLayerViewController.swift; sourceTree = "<group>"; };
		149AB57B1CED90D8009F6C7C /* colorfulStreak.m4v */ = {isa = PBXFileReference; lastKnownFileType = file; path = colorfulStreak.m4v; sourceTree = "<group>"; };
		149AB57D1CED90F8009F6C7C /* PlayerLayerViewController.swift */ = {isa = PBXFileReference; fileEncoding = 4; lastKnownFileType = sourcecode.swift; path = PlayerLayerViewController.swift; sourceTree = "<group>"; };
		149AB57F1CEDE966009F6C7C /* ObviousAnimationViewController.swift */ = {isa = PBXFileReference; fileEncoding = 4; lastKnownFileType = sourcecode.swift; path = ObviousAnimationViewController.swift; sourceTree = "<group>"; };
		149AB5811CEF3486009F6C7C /* GroupAnimationViewController.swift */ = {isa = PBXFileReference; fileEncoding = 4; lastKnownFileType = sourcecode.swift; path = GroupAnimationViewController.swift; sourceTree = "<group>"; };
		149AB5831CEF3EEC009F6C7C /* TimingViewController.swift */ = {isa = PBXFileReference; fileEncoding = 4; lastKnownFileType = sourcecode.swift; path = TimingViewController.swift; sourceTree = "<group>"; };
		14B45BE81CE1F9ED00A28189 /* UIColor+Expanded.swift */ = {isa = PBXFileReference; fileEncoding = 4; lastKnownFileType = sourcecode.swift; name = "UIColor+Expanded.swift"; path = "CircularLoaderView/UIColor+Expanded.swift"; sourceTree = "<group>"; };
		14E9F3BD1CDF3A0C002A278E /* LED-ClockViewController.swift */ = {isa = PBXFileReference; fileEncoding = 4; lastKnownFileType = sourcecode.swift; path = "LED-ClockViewController.swift"; sourceTree = "<group>"; };
		14FF69671CDE1547006890EC /* Shadow.swift */ = {isa = PBXFileReference; fileEncoding = 4; lastKnownFileType = sourcecode.swift; path = Shadow.swift; sourceTree = "<group>"; };
/* End PBXFileReference section */

/* Begin PBXFrameworksBuildPhase section */
		140C25241CDCE0F3008047E9 /* Frameworks */ = {
			isa = PBXFrameworksBuildPhase;
			buildActionMask = 2147483647;
			files = (
			);
			runOnlyForDeploymentPostprocessing = 0;
		};
/* End PBXFrameworksBuildPhase section */

/* Begin PBXGroup section */
		14083DDA1CF0A8900003440E /* DrawingView */ = {
			isa = PBXGroup;
			children = (
				14083DDB1CF0A9100003440E /* DrawingView.swift */,
			);
			path = DrawingView;
			sourceTree = "<group>";
		};
		140B94371CEB8BCF00D5AFB8 /* Images */ = {
			isa = PBXGroup;
			children = (
				140B94381CEB8BCF00D5AFB8 /* homepage.jpg */,
				140B94391CEB8BCF00D5AFB8 /* homepage_00_00.jpg */,
				140B943A1CEB8BCF00D5AFB8 /* homepage_00_01.jpg */,
				140B943B1CEB8BCF00D5AFB8 /* homepage_00_02.jpg */,
				140B943C1CEB8BCF00D5AFB8 /* homepage_00_03.jpg */,
				140B943D1CEB8BCF00D5AFB8 /* homepage_00_04.jpg */,
				140B943E1CEB8BCF00D5AFB8 /* homepage_00_05.jpg */,
				140B943F1CEB8BCF00D5AFB8 /* homepage_00_06.jpg */,
				140B94401CEB8BCF00D5AFB8 /* homepage_00_07.jpg */,
				140B94411CEB8BCF00D5AFB8 /* homepage_01_00.jpg */,
				140B94421CEB8BCF00D5AFB8 /* homepage_01_01.jpg */,
				140B94431CEB8BCF00D5AFB8 /* homepage_01_02.jpg */,
				140B94441CEB8BCF00D5AFB8 /* homepage_01_03.jpg */,
				140B94451CEB8BCF00D5AFB8 /* homepage_01_04.jpg */,
				140B94461CEB8BCF00D5AFB8 /* homepage_01_05.jpg */,
				140B94471CEB8BCF00D5AFB8 /* homepage_01_06.jpg */,
				140B94481CEB8BCF00D5AFB8 /* homepage_01_07.jpg */,
				140B94491CEB8BCF00D5AFB8 /* homepage_02_00.jpg */,
				140B944A1CEB8BCF00D5AFB8 /* homepage_02_01.jpg */,
				140B944B1CEB8BCF00D5AFB8 /* homepage_02_02.jpg */,
				140B944C1CEB8BCF00D5AFB8 /* homepage_02_03.jpg */,
				140B944D1CEB8BCF00D5AFB8 /* homepage_02_04.jpg */,
				140B944E1CEB8BCF00D5AFB8 /* homepage_02_05.jpg */,
				140B944F1CEB8BCF00D5AFB8 /* homepage_02_06.jpg */,
				140B94501CEB8BCF00D5AFB8 /* homepage_02_07.jpg */,
				140B94511CEB8BCF00D5AFB8 /* homepage_03_00.jpg */,
				140B94521CEB8BCF00D5AFB8 /* homepage_03_01.jpg */,
				140B94531CEB8BCF00D5AFB8 /* homepage_03_02.jpg */,
				140B94541CEB8BCF00D5AFB8 /* homepage_03_03.jpg */,
				140B94551CEB8BCF00D5AFB8 /* homepage_03_04.jpg */,
				140B94561CEB8BCF00D5AFB8 /* homepage_03_05.jpg */,
				140B94571CEB8BCF00D5AFB8 /* homepage_03_06.jpg */,
				140B94581CEB8BCF00D5AFB8 /* homepage_03_07.jpg */,
				140B94591CEB8BCF00D5AFB8 /* homepage_04_00.jpg */,
				140B945A1CEB8BCF00D5AFB8 /* homepage_04_01.jpg */,
				140B945B1CEB8BCF00D5AFB8 /* homepage_04_02.jpg */,
				140B945C1CEB8BCF00D5AFB8 /* homepage_04_03.jpg */,
				140B945D1CEB8BCF00D5AFB8 /* homepage_04_04.jpg */,
				140B945E1CEB8BCF00D5AFB8 /* homepage_04_05.jpg */,
				140B945F1CEB8BCF00D5AFB8 /* homepage_04_06.jpg */,
				140B94601CEB8BCF00D5AFB8 /* homepage_04_07.jpg */,
				140B94611CEB8BCF00D5AFB8 /* homepage_05_00.jpg */,
				140B94621CEB8BCF00D5AFB8 /* homepage_05_01.jpg */,
				140B94631CEB8BCF00D5AFB8 /* homepage_05_02.jpg */,
				140B94641CEB8BCF00D5AFB8 /* homepage_05_03.jpg */,
				140B94651CEB8BCF00D5AFB8 /* homepage_05_04.jpg */,
				140B94661CEB8BCF00D5AFB8 /* homepage_05_05.jpg */,
				140B94671CEB8BCF00D5AFB8 /* homepage_05_06.jpg */,
				140B94681CEB8BCF00D5AFB8 /* homepage_05_07.jpg */,
				140B94691CEB8BCF00D5AFB8 /* homepage_06_00.jpg */,
				140B946A1CEB8BCF00D5AFB8 /* homepage_06_01.jpg */,
				140B946B1CEB8BCF00D5AFB8 /* homepage_06_02.jpg */,
				140B946C1CEB8BCF00D5AFB8 /* homepage_06_03.jpg */,
				140B946D1CEB8BCF00D5AFB8 /* homepage_06_04.jpg */,
				140B946E1CEB8BCF00D5AFB8 /* homepage_06_05.jpg */,
				140B946F1CEB8BCF00D5AFB8 /* homepage_06_06.jpg */,
				140B94701CEB8BCF00D5AFB8 /* homepage_06_07.jpg */,
				140B94711CEB8BCF00D5AFB8 /* homepage_07_00.jpg */,
				140B94721CEB8BCF00D5AFB8 /* homepage_07_01.jpg */,
				140B94731CEB8BCF00D5AFB8 /* homepage_07_02.jpg */,
				140B94741CEB8BCF00D5AFB8 /* homepage_07_03.jpg */,
				140B94751CEB8BCF00D5AFB8 /* homepage_07_04.jpg */,
				140B94761CEB8BCF00D5AFB8 /* homepage_07_05.jpg */,
				140B94771CEB8BCF00D5AFB8 /* homepage_07_06.jpg */,
				140B94781CEB8BCF00D5AFB8 /* homepage_07_07.jpg */,
			);
			path = Images;
			sourceTree = "<group>";
		};
		140C251E1CDCE0F3008047E9 = {
			isa = PBXGroup;
			children = (
				148B9D2A1CDF2511006D3DDF /* ImageLoaderIndicator-Bridging-Header.h */,
				140C25291CDCE0F3008047E9 /* Animation-Swift */,
				140C25281CDCE0F3008047E9 /* Products */,
			);
			sourceTree = "<group>";
		};
		140C25281CDCE0F3008047E9 /* Products */ = {
			isa = PBXGroup;
			children = (
				140C25271CDCE0F3008047E9 /* Animation-Swift.app */,
			);
			name = Products;
			sourceTree = "<group>";
		};
		140C25291CDCE0F3008047E9 /* Animation-Swift */ = {
			isa = PBXGroup;
			children = (
				14083DDA1CF0A8900003440E /* DrawingView */,
				149AB57B1CED90D8009F6C7C /* colorfulStreak.m4v */,
				140B94371CEB8BCF00D5AFB8 /* Images */,
				148B9CFC1CDF24C2006D3DDF /* SDWebImage */,
				148B9CF61CDF0C8B006D3DDF /* CircularLoaderView */,
				14B45BEA1CE1F9F800A28189 /* Extension */,
				140C252A1CDCE0F3008047E9 /* AppDelegate.swift */,
				148B9CFA1CDF249C006D3DDF /* ProgressViewConroller.swift */,
				140C252C1CDCE0F3008047E9 /* Base.swift */,
				14E9F3BD1CDF3A0C002A278E /* LED-ClockViewController.swift */,
				14FF69671CDE1547006890EC /* Shadow.swift */,
				140C25311CDCE0F4008047E9 /* Assets.xcassets */,
				140C25331CDCE0F4008047E9 /* LaunchScreen.storyboard */,
				140C25361CDCE0F4008047E9 /* Info.plist */,
				140716481CE02A20006179B7 /* TransformViewController.swift */,
				140716491CE02A20006179B7 /* TransformViewController.xib */,
				1407164C1CE05C16006179B7 /* CubeViewController.swift */,
				140BFA401CE33003001D0360 /* MatchManViewController.swift */,
				1446E9551CE41B9D00D5ADDA /* TransformLayerViewController.swift */,
				1446E95A1CE4AFD300D5ADDA /* ImageLayerViewController.swift */,
				142E909A1CEC2B15006364E2 /* EmitterLayerViewController.swift */,
				149AB52D1CECAC57009F6C7C /* GAEAGLLayerViewController.swift */,
				149AB57D1CED90F8009F6C7C /* PlayerLayerViewController.swift */,
				149AB57F1CEDE966009F6C7C /* ObviousAnimationViewController.swift */,
				149AB5811CEF3486009F6C7C /* GroupAnimationViewController.swift */,
				149AB5831CEF3EEC009F6C7C /* TimingViewController.swift */,
				14083DD61CF0979B0003440E /* DrawingViewController.swift */,
			);
			path = "Animation-Swift";
			sourceTree = "<group>";
		};
		148B9CF61CDF0C8B006D3DDF /* CircularLoaderView */ = {
			isa = PBXGroup;
			children = (
				148B9CF81CDF0CB6006D3DDF /* CircularLoaderView.swift */,
			);
			path = CircularLoaderView;
			sourceTree = "<group>";
		};
		148B9CFC1CDF24C2006D3DDF /* SDWebImage */ = {
			isa = PBXGroup;
			children = (
				148B9CFE1CDF24DD006D3DDF /* SDImageCache.m */,
				148B9CFF1CDF24DD006D3DDF /* SDWebImageDownloaderOperation.m */,
				148B9D001CDF24DD006D3DDF /* SDWebImageManager.m */,
				148B9D011CDF24DD006D3DDF /* UIButton+WebCache.h */,
				148B9D021CDF24DD006D3DDF /* UIButton+WebCache.m */,
				148B9D031CDF24DD006D3DDF /* SDWebImageDownloader.m */,
				148B9D041CDF24DD006D3DDF /* SDWebImageManager.h */,
				148B9D051CDF24DD006D3DDF /* UIImageView+WebCache.h */,
				148B9D061CDF24DD006D3DDF /* UIImageView+WebCache.m */,
				148B9D071CDF24DD006D3DDF /* SDImageCache.h */,
				148B9D081CDF24DD006D3DDF /* SDWebImageDownloader.h */,
				148B9D091CDF24DD006D3DDF /* UIImageView+HighlightedWebCache.h */,
				148B9D0A1CDF24DD006D3DDF /* SDWebImagePrefetcher.m */,
				148B9D0B1CDF24DD006D3DDF /* UIImage+GIF.m */,
				148B9D0C1CDF24DD006D3DDF /* UIImageView+HighlightedWebCache.m */,
				148B9D0D1CDF24DD006D3DDF /* SDWebImagePrefetcher.h */,
				148B9D0E1CDF24DD006D3DDF /* UIImage+MultiFormat.m */,
				148B9D0F1CDF24DD006D3DDF /* SDWebImageDecoder.m */,
				148B9D101CDF24DD006D3DDF /* SDWebImageDownloaderOperation.h */,
				148B9D111CDF24DD006D3DDF /* UIView+WebCacheOperation.m */,
				148B9D121CDF24DD006D3DDF /* SDWebImageCompat.h */,
				148B9D131CDF24DD006D3DDF /* SDWebImageCompat.m */,
				148B9D141CDF24DD006D3DDF /* NSData+ImageContentType.m */,
				148B9D151CDF24DD006D3DDF /* UIView+WebCacheOperation.h */,
				148B9D161CDF24DD006D3DDF /* NSData+ImageContentType.h */,
				148B9D171CDF24DD006D3DDF /* SDWebImageDecoder.h */,
				148B9D181CDF24DD006D3DDF /* UIImage+GIF.h */,
				148B9D191CDF24DD006D3DDF /* SDWebImageOperation.h */,
				148B9D1A1CDF24DD006D3DDF /* UIImage+MultiFormat.h */,
			);
			path = SDWebImage;
			sourceTree = "<group>";
		};
		14B45BEA1CE1F9F800A28189 /* Extension */ = {
			isa = PBXGroup;
			children = (
				14B45BE81CE1F9ED00A28189 /* UIColor+Expanded.swift */,
				140C253C1CDCE41A008047E9 /* UIView+Frame.swift */,
			);
			name = Extension;
			sourceTree = "<group>";
		};
/* End PBXGroup section */

/* Begin PBXNativeTarget section */
		140C25261CDCE0F3008047E9 /* Animation-Swift */ = {
			isa = PBXNativeTarget;
			buildConfigurationList = 140C25391CDCE0F4008047E9 /* Build configuration list for PBXNativeTarget "Animation-Swift" */;
			buildPhases = (
				140C25231CDCE0F3008047E9 /* Sources */,
				140C25241CDCE0F3008047E9 /* Frameworks */,
				140C25251CDCE0F3008047E9 /* Resources */,
			);
			buildRules = (
			);
			dependencies = (
			);
			name = "Animation-Swift";
			productName = "Animation-Swift";
			productReference = 140C25271CDCE0F3008047E9 /* Animation-Swift.app */;
			productType = "com.apple.product-type.application";
		};
/* End PBXNativeTarget section */

/* Begin PBXProject section */
		140C251F1CDCE0F3008047E9 /* Project object */ = {
			isa = PBXProject;
			attributes = {
				LastSwiftUpdateCheck = 0730;
				LastUpgradeCheck = 0730;
				ORGANIZATIONNAME = sean;
				TargetAttributes = {
					140C25261CDCE0F3008047E9 = {
						CreatedOnToolsVersion = 7.3;
					};
				};
			};
			buildConfigurationList = 140C25221CDCE0F3008047E9 /* Build configuration list for PBXProject "Animation-Swift" */;
			compatibilityVersion = "Xcode 3.2";
			developmentRegion = English;
			hasScannedForEncodings = 0;
			knownRegions = (
				en,
				Base,
			);
			mainGroup = 140C251E1CDCE0F3008047E9;
			productRefGroup = 140C25281CDCE0F3008047E9 /* Products */;
			projectDirPath = "";
			projectRoot = "";
			targets = (
				140C25261CDCE0F3008047E9 /* Animation-Swift */,
			);
		};
/* End PBXProject section */

/* Begin PBXResourcesBuildPhase section */
		140C25251CDCE0F3008047E9 /* Resources */ = {
			isa = PBXResourcesBuildPhase;
			buildActionMask = 2147483647;
			files = (
				140B94A81CEB8BCF00D5AFB8 /* homepage_05_06.jpg in Resources */,
				140B94A41CEB8BCF00D5AFB8 /* homepage_05_02.jpg in Resources */,
				140B94811CEB8BCF00D5AFB8 /* homepage_00_07.jpg in Resources */,
				140B949E1CEB8BCF00D5AFB8 /* homepage_04_04.jpg in Resources */,
				140B94AB1CEB8BCF00D5AFB8 /* homepage_06_01.jpg in Resources */,
				140B949F1CEB8BCF00D5AFB8 /* homepage_04_05.jpg in Resources */,
				140B94981CEB8BCF00D5AFB8 /* homepage_03_06.jpg in Resources */,
				140B94B91CEB8BCF00D5AFB8 /* homepage_07_07.jpg in Resources */,
				140B94AE1CEB8BCF00D5AFB8 /* homepage_06_04.jpg in Resources */,
				140B949B1CEB8BCF00D5AFB8 /* homepage_04_01.jpg in Resources */,
				140B947F1CEB8BCF00D5AFB8 /* homepage_00_05.jpg in Resources */,
				140B949D1CEB8BCF00D5AFB8 /* homepage_04_03.jpg in Resources */,
				140B94881CEB8BCF00D5AFB8 /* homepage_01_06.jpg in Resources */,
				140B948C1CEB8BCF00D5AFB8 /* homepage_02_02.jpg in Resources */,
				140B947D1CEB8BCF00D5AFB8 /* homepage_00_03.jpg in Resources */,
				140B94841CEB8BCF00D5AFB8 /* homepage_01_02.jpg in Resources */,
				140B94B51CEB8BCF00D5AFB8 /* homepage_07_03.jpg in Resources */,
				140B94861CEB8BCF00D5AFB8 /* homepage_01_04.jpg in Resources */,
				140B948B1CEB8BCF00D5AFB8 /* homepage_02_01.jpg in Resources */,
				140B947B1CEB8BCF00D5AFB8 /* homepage_00_01.jpg in Resources */,
				140B947C1CEB8BCF00D5AFB8 /* homepage_00_02.jpg in Resources */,
				140B948D1CEB8BCF00D5AFB8 /* homepage_02_03.jpg in Resources */,
				140B949A1CEB8BCF00D5AFB8 /* homepage_04_00.jpg in Resources */,
				140B94B31CEB8BCF00D5AFB8 /* homepage_07_01.jpg in Resources */,
				140B94971CEB8BCF00D5AFB8 /* homepage_03_05.jpg in Resources */,
				149AB57C1CED90D8009F6C7C /* colorfulStreak.m4v in Resources */,
				140B94B81CEB8BCF00D5AFB8 /* homepage_07_06.jpg in Resources */,
				140B94B11CEB8BCF00D5AFB8 /* homepage_06_07.jpg in Resources */,
				140B94A61CEB8BCF00D5AFB8 /* homepage_05_04.jpg in Resources */,
				140B94AD1CEB8BCF00D5AFB8 /* homepage_06_03.jpg in Resources */,
				140B94AC1CEB8BCF00D5AFB8 /* homepage_06_02.jpg in Resources */,
				140B94A21CEB8BCF00D5AFB8 /* homepage_05_00.jpg in Resources */,
				140B94951CEB8BCF00D5AFB8 /* homepage_03_03.jpg in Resources */,
				140B94931CEB8BCF00D5AFB8 /* homepage_03_01.jpg in Resources */,
				140B94A71CEB8BCF00D5AFB8 /* homepage_05_05.jpg in Resources */,
				140B94921CEB8BCF00D5AFB8 /* homepage_03_00.jpg in Resources */,
				140B94961CEB8BCF00D5AFB8 /* homepage_03_04.jpg in Resources */,
				140B947E1CEB8BCF00D5AFB8 /* homepage_00_04.jpg in Resources */,
				140B948E1CEB8BCF00D5AFB8 /* homepage_02_04.jpg in Resources */,
				140B94901CEB8BCF00D5AFB8 /* homepage_02_06.jpg in Resources */,
				140B947A1CEB8BCF00D5AFB8 /* homepage_00_00.jpg in Resources */,
				140B94871CEB8BCF00D5AFB8 /* homepage_01_05.jpg in Resources */,
				140B94AF1CEB8BCF00D5AFB8 /* homepage_06_05.jpg in Resources */,
				140B94821CEB8BCF00D5AFB8 /* homepage_01_00.jpg in Resources */,
				140B94B71CEB8BCF00D5AFB8 /* homepage_07_05.jpg in Resources */,
				140B94B61CEB8BCF00D5AFB8 /* homepage_07_04.jpg in Resources */,
				140B94A91CEB8BCF00D5AFB8 /* homepage_05_07.jpg in Resources */,
				140B94A11CEB8BCF00D5AFB8 /* homepage_04_07.jpg in Resources */,
				140B94851CEB8BCF00D5AFB8 /* homepage_01_03.jpg in Resources */,
				140B94891CEB8BCF00D5AFB8 /* homepage_01_07.jpg in Resources */,
				140B94801CEB8BCF00D5AFB8 /* homepage_00_06.jpg in Resources */,
				140B94831CEB8BCF00D5AFB8 /* homepage_01_01.jpg in Resources */,
				140B949C1CEB8BCF00D5AFB8 /* homepage_04_02.jpg in Resources */,
				140B94941CEB8BCF00D5AFB8 /* homepage_03_02.jpg in Resources */,
				140B94B01CEB8BCF00D5AFB8 /* homepage_06_06.jpg in Resources */,
				1407164B1CE02A20006179B7 /* TransformViewController.xib in Resources */,
				140B94791CEB8BCF00D5AFB8 /* homepage.jpg in Resources */,
				140C25351CDCE0F4008047E9 /* LaunchScreen.storyboard in Resources */,
				140B94A31CEB8BCF00D5AFB8 /* homepage_05_01.jpg in Resources */,
				140B94B41CEB8BCF00D5AFB8 /* homepage_07_02.jpg in Resources */,
				140B94B21CEB8BCF00D5AFB8 /* homepage_07_00.jpg in Resources */,
				140B948A1CEB8BCF00D5AFB8 /* homepage_02_00.jpg in Resources */,
				140B948F1CEB8BCF00D5AFB8 /* homepage_02_05.jpg in Resources */,
				140B94A01CEB8BCF00D5AFB8 /* homepage_04_06.jpg in Resources */,
				140B94911CEB8BCF00D5AFB8 /* homepage_02_07.jpg in Resources */,
				140B94A51CEB8BCF00D5AFB8 /* homepage_05_03.jpg in Resources */,
				140C25321CDCE0F4008047E9 /* Assets.xcassets in Resources */,
				140B94991CEB8BCF00D5AFB8 /* homepage_03_07.jpg in Resources */,
				140B94AA1CEB8BCF00D5AFB8 /* homepage_06_00.jpg in Resources */,
			);
			runOnlyForDeploymentPostprocessing = 0;
		};
/* End PBXResourcesBuildPhase section */

/* Begin PBXSourcesBuildPhase section */
		140C25231CDCE0F3008047E9 /* Sources */ = {
			isa = PBXSourcesBuildPhase;
			buildActionMask = 2147483647;
			files = (
				149AB5841CEF3EEC009F6C7C /* TimingViewController.swift in Sources */,
				148B9D241CDF24DD006D3DDF /* UIImage+MultiFormat.m in Sources */,
				148B9CFB1CDF249C006D3DDF /* ProgressViewConroller.swift in Sources */,
				1407164D1CE05C16006179B7 /* CubeViewController.swift in Sources */,
				14FF69681CDE1547006890EC /* Shadow.swift in Sources */,
				1407164A1CE02A20006179B7 /* TransformViewController.swift in Sources */,
				1446E9561CE41B9D00D5ADDA /* TransformLayerViewController.swift in Sources */,
				14083DDC1CF0A9100003440E /* DrawingView.swift in Sources */,
				14083DD71CF0979B0003440E /* DrawingViewController.swift in Sources */,
				148B9D201CDF24DD006D3DDF /* UIImageView+WebCache.m in Sources */,
				148B9D231CDF24DD006D3DDF /* UIImageView+HighlightedWebCache.m in Sources */,
				148B9D211CDF24DD006D3DDF /* SDWebImagePrefetcher.m in Sources */,
				148B9D1C1CDF24DD006D3DDF /* SDWebImageDownloaderOperation.m in Sources */,
				148B9D251CDF24DD006D3DDF /* SDWebImageDecoder.m in Sources */,
				14B45BE91CE1F9ED00A28189 /* UIColor+Expanded.swift in Sources */,
				148B9D1F1CDF24DD006D3DDF /* SDWebImageDownloader.m in Sources */,
				149AB5821CEF3486009F6C7C /* GroupAnimationViewController.swift in Sources */,
				148B9D1D1CDF24DD006D3DDF /* SDWebImageManager.m in Sources */,
				148B9D281CDF24DD006D3DDF /* NSData+ImageContentType.m in Sources */,
				1446E95B1CE4AFD300D5ADDA /* ImageLayerViewController.swift in Sources */,
				148B9D271CDF24DD006D3DDF /* SDWebImageCompat.m in Sources */,
				14E9F3BE1CDF3A0C002A278E /* LED-ClockViewController.swift in Sources */,
				148B9CF91CDF0CB6006D3DDF /* CircularLoaderView.swift in Sources */,
				140C252D1CDCE0F3008047E9 /* Base.swift in Sources */,
				140C252B1CDCE0F3008047E9 /* AppDelegate.swift in Sources */,
				148B9D1E1CDF24DD006D3DDF /* UIButton+WebCache.m in Sources */,
				149AB52E1CECAC57009F6C7C /* GAEAGLLayerViewController.swift in Sources */,
				142E909B1CEC2B15006364E2 /* EmitterLayerViewController.swift in Sources */,
				140C253D1CDCE41A008047E9 /* UIView+Frame.swift in Sources */,
				149AB5801CEDE966009F6C7C /* ObviousAnimationViewController.swift in Sources */,
				148B9D221CDF24DD006D3DDF /* UIImage+GIF.m in Sources */,
				148B9D261CDF24DD006D3DDF /* UIView+WebCacheOperation.m in Sources */,
				140BFA411CE33003001D0360 /* MatchManViewController.swift in Sources */,
				148B9D1B1CDF24DD006D3DDF /* SDImageCache.m in Sources */,
				149AB57E1CED90F8009F6C7C /* PlayerLayerViewController.swift in Sources */,
			);
			runOnlyForDeploymentPostprocessing = 0;
		};
/* End PBXSourcesBuildPhase section */

/* Begin PBXVariantGroup section */
		140C25331CDCE0F4008047E9 /* LaunchScreen.storyboard */ = {
			isa = PBXVariantGroup;
			children = (
				140C25341CDCE0F4008047E9 /* Base */,
			);
			name = LaunchScreen.storyboard;
			sourceTree = "<group>";
		};
/* End PBXVariantGroup section */

/* Begin XCBuildConfiguration section */
		140C25371CDCE0F4008047E9 /* Debug */ = {
			isa = XCBuildConfiguration;
			buildSettings = {
				ALWAYS_SEARCH_USER_PATHS = NO;
				CLANG_ANALYZER_NONNULL = YES;
				CLANG_CXX_LANGUAGE_STANDARD = "gnu++0x";
				CLANG_CXX_LIBRARY = "libc++";
				CLANG_ENABLE_MODULES = YES;
				CLANG_ENABLE_OBJC_ARC = YES;
				CLANG_WARN_BOOL_CONVERSION = YES;
				CLANG_WARN_CONSTANT_CONVERSION = YES;
				CLANG_WARN_DIRECT_OBJC_ISA_USAGE = YES_ERROR;
				CLANG_WARN_EMPTY_BODY = YES;
				CLANG_WARN_ENUM_CONVERSION = YES;
				CLANG_WARN_INT_CONVERSION = YES;
				CLANG_WARN_OBJC_ROOT_CLASS = YES_ERROR;
				CLANG_WARN_UNREACHABLE_CODE = YES;
				CLANG_WARN__DUPLICATE_METHOD_MATCH = YES;
				"CODE_SIGN_IDENTITY[sdk=iphoneos*]" = "iPhone Developer";
				COPY_PHASE_STRIP = NO;
				DEBUG_INFORMATION_FORMAT = dwarf;
				ENABLE_STRICT_OBJC_MSGSEND = YES;
				ENABLE_TESTABILITY = YES;
				GCC_C_LANGUAGE_STANDARD = gnu99;
				GCC_DYNAMIC_NO_PIC = NO;
				GCC_NO_COMMON_BLOCKS = YES;
				GCC_OPTIMIZATION_LEVEL = 0;
				GCC_PREPROCESSOR_DEFINITIONS = (
					"DEBUG=1",
					"$(inherited)",
				);
				GCC_WARN_64_TO_32_BIT_CONVERSION = YES;
				GCC_WARN_ABOUT_RETURN_TYPE = YES_ERROR;
				GCC_WARN_UNDECLARED_SELECTOR = YES;
				GCC_WARN_UNINITIALIZED_AUTOS = YES_AGGRESSIVE;
				GCC_WARN_UNUSED_FUNCTION = YES;
				GCC_WARN_UNUSED_VARIABLE = YES;
				IPHONEOS_DEPLOYMENT_TARGET = 8.0;
				MTL_ENABLE_DEBUG_INFO = YES;
				ONLY_ACTIVE_ARCH = YES;
				SDKROOT = iphoneos;
				SWIFT_OPTIMIZATION_LEVEL = "-Onone";
				TARGETED_DEVICE_FAMILY = "1,2";
			};
			name = Debug;
		};
		140C25381CDCE0F4008047E9 /* Release */ = {
			isa = XCBuildConfiguration;
			buildSettings = {
				ALWAYS_SEARCH_USER_PATHS = NO;
				CLANG_ANALYZER_NONNULL = YES;
				CLANG_CXX_LANGUAGE_STANDARD = "gnu++0x";
				CLANG_CXX_LIBRARY = "libc++";
				CLANG_ENABLE_MODULES = YES;
				CLANG_ENABLE_OBJC_ARC = YES;
				CLANG_WARN_BOOL_CONVERSION = YES;
				CLANG_WARN_CONSTANT_CONVERSION = YES;
				CLANG_WARN_DIRECT_OBJC_ISA_USAGE = YES_ERROR;
				CLANG_WARN_EMPTY_BODY = YES;
				CLANG_WARN_ENUM_CONVERSION = YES;
				CLANG_WARN_INT_CONVERSION = YES;
				CLANG_WARN_OBJC_ROOT_CLASS = YES_ERROR;
				CLANG_WARN_UNREACHABLE_CODE = YES;
				CLANG_WARN__DUPLICATE_METHOD_MATCH = YES;
				"CODE_SIGN_IDENTITY[sdk=iphoneos*]" = "iPhone Developer";
				COPY_PHASE_STRIP = NO;
				DEBUG_INFORMATION_FORMAT = "dwarf-with-dsym";
				ENABLE_NS_ASSERTIONS = NO;
				ENABLE_STRICT_OBJC_MSGSEND = YES;
				GCC_C_LANGUAGE_STANDARD = gnu99;
				GCC_NO_COMMON_BLOCKS = YES;
				GCC_WARN_64_TO_32_BIT_CONVERSION = YES;
				GCC_WARN_ABOUT_RETURN_TYPE = YES_ERROR;
				GCC_WARN_UNDECLARED_SELECTOR = YES;
				GCC_WARN_UNINITIALIZED_AUTOS = YES_AGGRESSIVE;
				GCC_WARN_UNUSED_FUNCTION = YES;
				GCC_WARN_UNUSED_VARIABLE = YES;
				IPHONEOS_DEPLOYMENT_TARGET = 8.0;
				MTL_ENABLE_DEBUG_INFO = NO;
				SDKROOT = iphoneos;
				TARGETED_DEVICE_FAMILY = "1,2";
				VALIDATE_PRODUCT = YES;
			};
			name = Release;
		};
		140C253A1CDCE0F4008047E9 /* Debug */ = {
			isa = XCBuildConfiguration;
			buildSettings = {
				ASSETCATALOG_COMPILER_APPICON_NAME = AppIcon;
				CLANG_ENABLE_MODULES = YES;
				INFOPLIST_FILE = "Animation-Swift/Info.plist";
				LD_RUNPATH_SEARCH_PATHS = "$(inherited) @executable_path/Frameworks";
				PRODUCT_BUNDLE_IDENTIFIER = "com.sean.Animation-Swift";
				PRODUCT_NAME = "$(TARGET_NAME)";
				SWIFT_OBJC_BRIDGING_HEADER = "$(SRCROOT)/Animation-Swift/ImageLoaderIndicator-Bridging-Header.h";
				SWIFT_OPTIMIZATION_LEVEL = "-Onone";
			};
			name = Debug;
		};
		140C253B1CDCE0F4008047E9 /* Release */ = {
			isa = XCBuildConfiguration;
			buildSettings = {
				ASSETCATALOG_COMPILER_APPICON_NAME = AppIcon;
				CLANG_ENABLE_MODULES = YES;
				INFOPLIST_FILE = "Animation-Swift/Info.plist";
				LD_RUNPATH_SEARCH_PATHS = "$(inherited) @executable_path/Frameworks";
				PRODUCT_BUNDLE_IDENTIFIER = "com.sean.Animation-Swift";
				PRODUCT_NAME = "$(TARGET_NAME)";
				SWIFT_OBJC_BRIDGING_HEADER = "$(SRCROOT)/Animation-Swift/ImageLoaderIndicator-Bridging-Header.h";
			};
			name = Release;
		};
/* End XCBuildConfiguration section */

/* Begin XCConfigurationList section */
		140C25221CDCE0F3008047E9 /* Build configuration list for PBXProject "Animation-Swift" */ = {
			isa = XCConfigurationList;
			buildConfigurations = (
				140C25371CDCE0F4008047E9 /* Debug */,
				140C25381CDCE0F4008047E9 /* Release */,
			);
			defaultConfigurationIsVisible = 0;
			defaultConfigurationName = Release;
		};
		140C25391CDCE0F4008047E9 /* Build configuration list for PBXNativeTarget "Animation-Swift" */ = {
			isa = XCConfigurationList;
			buildConfigurations = (
				140C253A1CDCE0F4008047E9 /* Debug */,
				140C253B1CDCE0F4008047E9 /* Release */,
			);
			defaultConfigurationIsVisible = 0;
			defaultConfigurationName = Release;
		};
/* End XCConfigurationList section */
	};
	rootObject = 140C251F1CDCE0F3008047E9 /* Project object */;
}
