// !$*UTF8*$!
{
	archiveVersion = 1;
	classes = {
	};
	objectVersion = 46;
	objects = {

/* Begin PBXBuildFile section */
		140C252B1CDCE0F3008047E9 /* AppDelegate.swift in Sources */ = {isa = PBXBuildFile; fileRef = 140C252A1CDCE0F3008047E9 /* AppDelegate.swift */; };
		140C252D1CDCE0F3008047E9 /* Base.swift in Sources */ = {isa = PBXBuildFile; fileRef = 140C252C1CDCE0F3008047E9 /* Base.swift */; };
		140C25321CDCE0F4008047E9 /* Assets.xcassets in Resources */ = {isa = PBXBuildFile; fileRef = 140C25311CDCE0F4008047E9 /* Assets.xcassets */; };
		140C25351CDCE0F4008047E9 /* LaunchScreen.storyboard in Resources */ = {isa = PBXBuildFile; fileRef = 140C25331CDCE0F4008047E9 /* LaunchScreen.storyboard */; };
		140C253D1CDCE41A008047E9 /* UIView+Frame.swift in Sources */ = {isa = PBXBuildFile; fileRef = 140C253C1CDCE41A008047E9 /* UIView+Frame.swift */; };
		148B9CF91CDF0CB6006D3DDF /* CircularLoaderView.swift in Sources */ = {isa = PBXBuildFile; fileRef = 148B9CF81CDF0CB6006D3DDF /* CircularLoaderView.swift */; };
		148B9CFB1CDF249C006D3DDF /* ProgressViewConroller.swift in Sources */ = {isa = PBXBuildFile; fileRef = 148B9CFA1CDF249C006D3DDF /* ProgressViewConroller.swift */; };
		148B9D1B1CDF24DD006D3DDF /* SDImageCache.m in Sources */ = {isa = PBXBuildFile; fileRef = 148B9CFE1CDF24DD006D3DDF /* SDImageCache.m */; };
		148B9D1C1CDF24DD006D3DDF /* SDWebImageDownloaderOperation.m in Sources */ = {isa = PBXBuildFile; fileRef = 148B9CFF1CDF24DD006D3DDF /* SDWebImageDownloaderOperation.m */; };
		148B9D1D1CDF24DD006D3DDF /* SDWebImageManager.m in Sources */ = {isa = PBXBuildFile; fileRef = 148B9D001CDF24DD006D3DDF /* SDWebImageManager.m */; };
		148B9D1E1CDF24DD006D3DDF /* UIButton+WebCache.m in Sources */ = {isa = PBXBuildFile; fileRef = 148B9D021CDF24DD006D3DDF /* UIButton+WebCache.m */; };
		148B9D1F1CDF24DD006D3DDF /* SDWebImageDownloader.m in Sources */ = {isa = PBXBuildFile; fileRef = 148B9D031CDF24DD006D3DDF /* SDWebImageDownloader.m */; };
		148B9D201CDF24DD006D3DDF /* UIImageView+WebCache.m in Sources */ = {isa = PBXBuildFile; fileRef = 148B9D061CDF24DD006D3DDF /* UIImageView+WebCache.m */; };
		148B9D211CDF24DD006D3DDF /* SDWebImagePrefetcher.m in Sources */ = {isa = PBXBuildFile; fileRef = 148B9D0A1CDF24DD006D3DDF /* SDWebImagePrefetcher.m */; };
		148B9D221CDF24DD006D3DDF /* UIImage+GIF.m in Sources */ = {isa = PBXBuildFile; fileRef = 148B9D0B1CDF24DD006D3DDF /* UIImage+GIF.m */; };
		148B9D231CDF24DD006D3DDF /* UIImageView+HighlightedWebCache.m in Sources */ = {isa = PBXBuildFile; fileRef = 148B9D0C1CDF24DD006D3DDF /* UIImageView+HighlightedWebCache.m */; };
		148B9D241CDF24DD006D3DDF /* UIImage+MultiFormat.m in Sources */ = {isa = PBXBuildFile; fileRef = 148B9D0E1CDF24DD006D3DDF /* UIImage+MultiFormat.m */; };
		148B9D251CDF24DD006D3DDF /* SDWebImageDecoder.m in Sources */ = {isa = PBXBuildFile; fileRef = 148B9D0F1CDF24DD006D3DDF /* SDWebImageDecoder.m */; };
		148B9D261CDF24DD006D3DDF /* UIView+WebCacheOperation.m in Sources */ = {isa = PBXBuildFile; fileRef = 148B9D111CDF24DD006D3DDF /* UIView+WebCacheOperation.m */; };
		148B9D271CDF24DD006D3DDF /* SDWebImageCompat.m in Sources */ = {isa = PBXBuildFile; fileRef = 148B9D131CDF24DD006D3DDF /* SDWebImageCompat.m */; };
		148B9D281CDF24DD006D3DDF /* NSData+ImageContentType.m in Sources */ = {isa = PBXBuildFile; fileRef = 148B9D141CDF24DD006D3DDF /* NSData+ImageContentType.m */; };
		14FF69681CDE1547006890EC /* Shadow.swift in Sources */ = {isa = PBXBuildFile; fileRef = 14FF69671CDE1547006890EC /* Shadow.swift */; };
/* End PBXBuildFile section */

/* Begin PBXFileReference section */
		140C25271CDCE0F3008047E9 /* Animation-Swift.app */ = {isa = PBXFileReference; explicitFileType = wrapper.application; includeInIndex = 0; path = "Animation-Swift.app"; sourceTree = BUILT_PRODUCTS_DIR; };
		140C252A1CDCE0F3008047E9 /* AppDelegate.swift */ = {isa = PBXFileReference; lastKnownFileType = sourcecode.swift; path = AppDelegate.swift; sourceTree = "<group>"; };
		140C252C1CDCE0F3008047E9 /* Base.swift */ = {isa = PBXFileReference; lastKnownFileType = sourcecode.swift; path = Base.swift; sourceTree = "<group>"; };
		140C25311CDCE0F4008047E9 /* Assets.xcassets */ = {isa = PBXFileReference; lastKnownFileType = folder.assetcatalog; path = Assets.xcassets; sourceTree = "<group>"; };
		140C25341CDCE0F4008047E9 /* Base */ = {isa = PBXFileReference; lastKnownFileType = file.storyboard; name = Base; path = Base.lproj/LaunchScreen.storyboard; sourceTree = "<group>"; };
		140C25361CDCE0F4008047E9 /* Info.plist */ = {isa = PBXFileReference; lastKnownFileType = text.plist.xml; path = Info.plist; sourceTree = "<group>"; };
		140C253C1CDCE41A008047E9 /* UIView+Frame.swift */ = {isa = PBXFileReference; fileEncoding = 4; lastKnownFileType = sourcecode.swift; path = "UIView+Frame.swift"; sourceTree = "<group>"; };
		148B9CF81CDF0CB6006D3DDF /* CircularLoaderView.swift */ = {isa = PBXFileReference; fileEncoding = 4; lastKnownFileType = sourcecode.swift; path = CircularLoaderView.swift; sourceTree = "<group>"; };
		148B9CFA1CDF249C006D3DDF /* ProgressViewConroller.swift */ = {isa = PBXFileReference; fileEncoding = 4; lastKnownFileType = sourcecode.swift; path = ProgressViewConroller.swift; sourceTree = "<group>"; };
		148B9CFE1CDF24DD006D3DDF /* SDImageCache.m */ = {isa = PBXFileReference; fileEncoding = 4; lastKnownFileType = sourcecode.c.objc; path = SDImageCache.m; sourceTree = "<group>"; };
		148B9CFF1CDF24DD006D3DDF /* SDWebImageDownloaderOperation.m */ = {isa = PBXFileReference; fileEncoding = 4; lastKnownFileType = sourcecode.c.objc; path = SDWebImageDownloaderOperation.m; sourceTree = "<group>"; };
		148B9D001CDF24DD006D3DDF /* SDWebImageManager.m */ = {isa = PBXFileReference; fileEncoding = 4; lastKnownFileType = sourcecode.c.objc; path = SDWebImageManager.m; sourceTree = "<group>"; };
		148B9D011CDF24DD006D3DDF /* UIButton+WebCache.h */ = {isa = PBXFileReference; fileEncoding = 4; lastKnownFileType = sourcecode.c.h; path = "UIButton+WebCache.h"; sourceTree = "<group>"; };
		148B9D021CDF24DD006D3DDF /* UIButton+WebCache.m */ = {isa = PBXFileReference; fileEncoding = 4; lastKnownFileType = sourcecode.c.objc; path = "UIButton+WebCache.m"; sourceTree = "<group>"; };
		148B9D031CDF24DD006D3DDF /* SDWebImageDownloader.m */ = {isa = PBXFileReference; fileEncoding = 4; lastKnownFileType = sourcecode.c.objc; path = SDWebImageDownloader.m; sourceTree = "<group>"; };
		148B9D041CDF24DD006D3DDF /* SDWebImageManager.h */ = {isa = PBXFileReference; fileEncoding = 4; lastKnownFileType = sourcecode.c.h; path = SDWebImageManager.h; sourceTree = "<group>"; };
		148B9D051CDF24DD006D3DDF /* UIImageView+WebCache.h */ = {isa = PBXFileReference; fileEncoding = 4; lastKnownFileType = sourcecode.c.h; path = "UIImageView+WebCache.h"; sourceTree = "<group>"; };
		148B9D061CDF24DD006D3DDF /* UIImageView+WebCache.m */ = {isa = PBXFileReference; fileEncoding = 4; lastKnownFileType = sourcecode.c.objc; path = "UIImageView+WebCache.m"; sourceTree = "<group>"; };
		148B9D071CDF24DD006D3DDF /* SDImageCache.h */ = {isa = PBXFileReference; fileEncoding = 4; lastKnownFileType = sourcecode.c.h; path = SDImageCache.h; sourceTree = "<group>"; };
		148B9D081CDF24DD006D3DDF /* SDWebImageDownloader.h */ = {isa = PBXFileReference; fileEncoding = 4; lastKnownFileType = sourcecode.c.h; path = SDWebImageDownloader.h; sourceTree = "<group>"; };
		148B9D091CDF24DD006D3DDF /* UIImageView+HighlightedWebCache.h */ = {isa = PBXFileReference; fileEncoding = 4; lastKnownFileType = sourcecode.c.h; path = "UIImageView+HighlightedWebCache.h"; sourceTree = "<group>"; };
		148B9D0A1CDF24DD006D3DDF /* SDWebImagePrefetcher.m */ = {isa = PBXFileReference; fileEncoding = 4; lastKnownFileType = sourcecode.c.objc; path = SDWebImagePrefetcher.m; sourceTree = "<group>"; };
		148B9D0B1CDF24DD006D3DDF /* UIImage+GIF.m */ = {isa = PBXFileReference; fileEncoding = 4; lastKnownFileType = sourcecode.c.objc; path = "UIImage+GIF.m"; sourceTree = "<group>"; };
		148B9D0C1CDF24DD006D3DDF /* UIImageView+HighlightedWebCache.m */ = {isa = PBXFileReference; fileEncoding = 4; lastKnownFileType = sourcecode.c.objc; path = "UIImageView+HighlightedWebCache.m"; sourceTree = "<group>"; };
		148B9D0D1CDF24DD006D3DDF /* SDWebImagePrefetcher.h */ = {isa = PBXFileReference; fileEncoding = 4; lastKnownFileType = sourcecode.c.h; path = SDWebImagePrefetcher.h; sourceTree = "<group>"; };
		148B9D0E1CDF24DD006D3DDF /* UIImage+MultiFormat.m */ = {isa = PBXFileReference; fileEncoding = 4; lastKnownFileType = sourcecode.c.objc; path = "UIImage+MultiFormat.m"; sourceTree = "<group>"; };
		148B9D0F1CDF24DD006D3DDF /* SDWebImageDecoder.m */ = {isa = PBXFileReference; fileEncoding = 4; lastKnownFileType = sourcecode.c.objc; path = SDWebImageDecoder.m; sourceTree = "<group>"; };
		148B9D101CDF24DD006D3DDF /* SDWebImageDownloaderOperation.h */ = {isa = PBXFileReference; fileEncoding = 4; lastKnownFileType = sourcecode.c.h; path = SDWebImageDownloaderOperation.h; sourceTree = "<group>"; };
		148B9D111CDF24DD006D3DDF /* UIView+WebCacheOperation.m */ = {isa = PBXFileReference; fileEncoding = 4; lastKnownFileType = sourcecode.c.objc; path = "UIView+WebCacheOperation.m"; sourceTree = "<group>"; };
		148B9D121CDF24DD006D3DDF /* SDWebImageCompat.h */ = {isa = PBXFileReference; fileEncoding = 4; lastKnownFileType = sourcecode.c.h; path = SDWebImageCompat.h; sourceTree = "<group>"; };
		148B9D131CDF24DD006D3DDF /* SDWebImageCompat.m */ = {isa = PBXFileReference; fileEncoding = 4; lastKnownFileType = sourcecode.c.objc; path = SDWebImageCompat.m; sourceTree = "<group>"; };
		148B9D141CDF24DD006D3DDF /* NSData+ImageContentType.m */ = {isa = PBXFileReference; fileEncoding = 4; lastKnownFileType = sourcecode.c.objc; path = "NSData+ImageContentType.m"; sourceTree = "<group>"; };
		148B9D151CDF24DD006D3DDF /* UIView+WebCacheOperation.h */ = {isa = PBXFileReference; fileEncoding = 4; lastKnownFileType = sourcecode.c.h; path = "UIView+WebCacheOperation.h"; sourceTree = "<group>"; };
		148B9D161CDF24DD006D3DDF /* NSData+ImageContentType.h */ = {isa = PBXFileReference; fileEncoding = 4; lastKnownFileType = sourcecode.c.h; path = "NSData+ImageContentType.h"; sourceTree = "<group>"; };
		148B9D171CDF24DD006D3DDF /* SDWebImageDecoder.h */ = {isa = PBXFileReference; fileEncoding = 4; lastKnownFileType = sourcecode.c.h; path = SDWebImageDecoder.h; sourceTree = "<group>"; };
		148B9D181CDF24DD006D3DDF /* UIImage+GIF.h */ = {isa = PBXFileReference; fileEncoding = 4; lastKnownFileType = sourcecode.c.h; path = "UIImage+GIF.h"; sourceTree = "<group>"; };
		148B9D191CDF24DD006D3DDF /* SDWebImageOperation.h */ = {isa = PBXFileReference; fileEncoding = 4; lastKnownFileType = sourcecode.c.h; path = SDWebImageOperation.h; sourceTree = "<group>"; };
		148B9D1A1CDF24DD006D3DDF /* UIImage+MultiFormat.h */ = {isa = PBXFileReference; fileEncoding = 4; lastKnownFileType = sourcecode.c.h; path = "UIImage+MultiFormat.h"; sourceTree = "<group>"; };
		148B9D2A1CDF2511006D3DDF /* ImageLoaderIndicator-Bridging-Header.h */ = {isa = PBXFileReference; fileEncoding = 4; lastKnownFileType = sourcecode.c.h; name = "ImageLoaderIndicator-Bridging-Header.h"; path = "Animation-Swift/ImageLoaderIndicator-Bridging-Header.h"; sourceTree = "<group>"; };
		14FF69671CDE1547006890EC /* Shadow.swift */ = {isa = PBXFileReference; fileEncoding = 4; lastKnownFileType = sourcecode.swift; path = Shadow.swift; sourceTree = "<group>"; };
/* End PBXFileReference section */

/* Begin PBXFrameworksBuildPhase section */
		140C25241CDCE0F3008047E9 /* Frameworks */ = {
			isa = PBXFrameworksBuildPhase;
			buildActionMask = 2147483647;
			files = (
			);
			runOnlyForDeploymentPostprocessing = 0;
		};
/* End PBXFrameworksBuildPhase section */

/* Begin PBXGroup section */
		140C251E1CDCE0F3008047E9 = {
			isa = PBXGroup;
			children = (
				148B9D2A1CDF2511006D3DDF /* ImageLoaderIndicator-Bridging-Header.h */,
				140C25291CDCE0F3008047E9 /* Animation-Swift */,
				140C25281CDCE0F3008047E9 /* Products */,
			);
			sourceTree = "<group>";
		};
		140C25281CDCE0F3008047E9 /* Products */ = {
			isa = PBXGroup;
			children = (
				140C25271CDCE0F3008047E9 /* Animation-Swift.app */,
			);
			name = Products;
			sourceTree = "<group>";
		};
		140C25291CDCE0F3008047E9 /* Animation-Swift */ = {
			isa = PBXGroup;
			children = (
				148B9CFC1CDF24C2006D3DDF /* SDWebImage */,
				148B9CF61CDF0C8B006D3DDF /* CircularLoaderView */,
				140C253C1CDCE41A008047E9 /* UIView+Frame.swift */,
				140C252A1CDCE0F3008047E9 /* AppDelegate.swift */,
				148B9CFA1CDF249C006D3DDF /* ProgressViewConroller.swift */,
				140C252C1CDCE0F3008047E9 /* Base.swift */,
				14FF69671CDE1547006890EC /* Shadow.swift */,
				140C25311CDCE0F4008047E9 /* Assets.xcassets */,
				140C25331CDCE0F4008047E9 /* LaunchScreen.storyboard */,
				140C25361CDCE0F4008047E9 /* Info.plist */,
			);
			path = "Animation-Swift";
			sourceTree = "<group>";
		};
		148B9CF61CDF0C8B006D3DDF /* CircularLoaderView */ = {
			isa = PBXGroup;
			children = (
				148B9CF81CDF0CB6006D3DDF /* CircularLoaderView.swift */,
			);
			path = CircularLoaderView;
			sourceTree = "<group>";
		};
		148B9CFC1CDF24C2006D3DDF /* SDWebImage */ = {
			isa = PBXGroup;
			children = (
				148B9CFE1CDF24DD006D3DDF /* SDImageCache.m */,
				148B9CFF1CDF24DD006D3DDF /* SDWebImageDownloaderOperation.m */,
				148B9D001CDF24DD006D3DDF /* SDWebImageManager.m */,
				148B9D011CDF24DD006D3DDF /* UIButton+WebCache.h */,
				148B9D021CDF24DD006D3DDF /* UIButton+WebCache.m */,
				148B9D031CDF24DD006D3DDF /* SDWebImageDownloader.m */,
				148B9D041CDF24DD006D3DDF /* SDWebImageManager.h */,
				148B9D051CDF24DD006D3DDF /* UIImageView+WebCache.h */,
				148B9D061CDF24DD006D3DDF /* UIImageView+WebCache.m */,
				148B9D071CDF24DD006D3DDF /* SDImageCache.h */,
				148B9D081CDF24DD006D3DDF /* SDWebImageDownloader.h */,
				148B9D091CDF24DD006D3DDF /* UIImageView+HighlightedWebCache.h */,
				148B9D0A1CDF24DD006D3DDF /* SDWebImagePrefetcher.m */,
				148B9D0B1CDF24DD006D3DDF /* UIImage+GIF.m */,
				148B9D0C1CDF24DD006D3DDF /* UIImageView+HighlightedWebCache.m */,
				148B9D0D1CDF24DD006D3DDF /* SDWebImagePrefetcher.h */,
				148B9D0E1CDF24DD006D3DDF /* UIImage+MultiFormat.m */,
				148B9D0F1CDF24DD006D3DDF /* SDWebImageDecoder.m */,
				148B9D101CDF24DD006D3DDF /* SDWebImageDownloaderOperation.h */,
				148B9D111CDF24DD006D3DDF /* UIView+WebCacheOperation.m */,
				148B9D121CDF24DD006D3DDF /* SDWebImageCompat.h */,
				148B9D131CDF24DD006D3DDF /* SDWebImageCompat.m */,
				148B9D141CDF24DD006D3DDF /* NSData+ImageContentType.m */,
				148B9D151CDF24DD006D3DDF /* UIView+WebCacheOperation.h */,
				148B9D161CDF24DD006D3DDF /* NSData+ImageContentType.h */,
				148B9D171CDF24DD006D3DDF /* SDWebImageDecoder.h */,
				148B9D181CDF24DD006D3DDF /* UIImage+GIF.h */,
				148B9D191CDF24DD006D3DDF /* SDWebImageOperation.h */,
				148B9D1A1CDF24DD006D3DDF /* UIImage+MultiFormat.h */,
			);
			path = SDWebImage;
			sourceTree = "<group>";
		};
/* End PBXGroup section */

/* Begin PBXNativeTarget section */
		140C25261CDCE0F3008047E9 /* Animation-Swift */ = {
			isa = PBXNativeTarget;
			buildConfigurationList = 140C25391CDCE0F4008047E9 /* Build configuration list for PBXNativeTarget "Animation-Swift" */;
			buildPhases = (
				140C25231CDCE0F3008047E9 /* Sources */,
				140C25241CDCE0F3008047E9 /* Frameworks */,
				140C25251CDCE0F3008047E9 /* Resources */,
			);
			buildRules = (
			);
			dependencies = (
			);
			name = "Animation-Swift";
			productName = "Animation-Swift";
			productReference = 140C25271CDCE0F3008047E9 /* Animation-Swift.app */;
			productType = "com.apple.product-type.application";
		};
/* End PBXNativeTarget section */

/* Begin PBXProject section */
		140C251F1CDCE0F3008047E9 /* Project object */ = {
			isa = PBXProject;
			attributes = {
				LastSwiftUpdateCheck = 0730;
				LastUpgradeCheck = 0730;
				ORGANIZATIONNAME = sean;
				TargetAttributes = {
					140C25261CDCE0F3008047E9 = {
						CreatedOnToolsVersion = 7.3;
					};
				};
			};
			buildConfigurationList = 140C25221CDCE0F3008047E9 /* Build configuration list for PBXProject "Animation-Swift" */;
			compatibilityVersion = "Xcode 3.2";
			developmentRegion = English;
			hasScannedForEncodings = 0;
			knownRegions = (
				en,
				Base,
			);
			mainGroup = 140C251E1CDCE0F3008047E9;
			productRefGroup = 140C25281CDCE0F3008047E9 /* Products */;
			projectDirPath = "";
			projectRoot = "";
			targets = (
				140C25261CDCE0F3008047E9 /* Animation-Swift */,
			);
		};
/* End PBXProject section */

/* Begin PBXResourcesBuildPhase section */
		140C25251CDCE0F3008047E9 /* Resources */ = {
			isa = PBXResourcesBuildPhase;
			buildActionMask = 2147483647;
			files = (
				140C25351CDCE0F4008047E9 /* LaunchScreen.storyboard in Resources */,
				140C25321CDCE0F4008047E9 /* Assets.xcassets in Resources */,
			);
			runOnlyForDeploymentPostprocessing = 0;
		};
/* End PBXResourcesBuildPhase section */

/* Begin PBXSourcesBuildPhase section */
		140C25231CDCE0F3008047E9 /* Sources */ = {
			isa = PBXSourcesBuildPhase;
			buildActionMask = 2147483647;
			files = (
				148B9D241CDF24DD006D3DDF /* UIImage+MultiFormat.m in Sources */,
				148B9CFB1CDF249C006D3DDF /* ProgressViewConroller.swift in Sources */,
				14FF69681CDE1547006890EC /* Shadow.swift in Sources */,
				148B9D201CDF24DD006D3DDF /* UIImageView+WebCache.m in Sources */,
				148B9D231CDF24DD006D3DDF /* UIImageView+HighlightedWebCache.m in Sources */,
				148B9D211CDF24DD006D3DDF /* SDWebImagePrefetcher.m in Sources */,
				148B9D1C1CDF24DD006D3DDF /* SDWebImageDownloaderOperation.m in Sources */,
				148B9D251CDF24DD006D3DDF /* SDWebImageDecoder.m in Sources */,
				148B9D1F1CDF24DD006D3DDF /* SDWebImageDownloader.m in Sources */,
				148B9D1D1CDF24DD006D3DDF /* SDWebImageManager.m in Sources */,
				148B9D281CDF24DD006D3DDF /* NSData+ImageContentType.m in Sources */,
				148B9D271CDF24DD006D3DDF /* SDWebImageCompat.m in Sources */,
				148B9CF91CDF0CB6006D3DDF /* CircularLoaderView.swift in Sources */,
				140C252D1CDCE0F3008047E9 /* Base.swift in Sources */,
				140C252B1CDCE0F3008047E9 /* AppDelegate.swift in Sources */,
				148B9D1E1CDF24DD006D3DDF /* UIButton+WebCache.m in Sources */,
				140C253D1CDCE41A008047E9 /* UIView+Frame.swift in Sources */,
				148B9D221CDF24DD006D3DDF /* UIImage+GIF.m in Sources */,
				148B9D261CDF24DD006D3DDF /* UIView+WebCacheOperation.m in Sources */,
				148B9D1B1CDF24DD006D3DDF /* SDImageCache.m in Sources */,
			);
			runOnlyForDeploymentPostprocessing = 0;
		};
/* End PBXSourcesBuildPhase section */

/* Begin PBXVariantGroup section */
		140C25331CDCE0F4008047E9 /* LaunchScreen.storyboard */ = {
			isa = PBXVariantGroup;
			children = (
				140C25341CDCE0F4008047E9 /* Base */,
			);
			name = LaunchScreen.storyboard;
			sourceTree = "<group>";
		};
/* End PBXVariantGroup section */

/* Begin XCBuildConfiguration section */
		140C25371CDCE0F4008047E9 /* Debug */ = {
			isa = XCBuildConfiguration;
			buildSettings = {
				ALWAYS_SEARCH_USER_PATHS = NO;
				CLANG_ANALYZER_NONNULL = YES;
				CLANG_CXX_LANGUAGE_STANDARD = "gnu++0x";
				CLANG_CXX_LIBRARY = "libc++";
				CLANG_ENABLE_MODULES = YES;
				CLANG_ENABLE_OBJC_ARC = YES;
				CLANG_WARN_BOOL_CONVERSION = YES;
				CLANG_WARN_CONSTANT_CONVERSION = YES;
				CLANG_WARN_DIRECT_OBJC_ISA_USAGE = YES_ERROR;
				CLANG_WARN_EMPTY_BODY = YES;
				CLANG_WARN_ENUM_CONVERSION = YES;
				CLANG_WARN_INT_CONVERSION = YES;
				CLANG_WARN_OBJC_ROOT_CLASS = YES_ERROR;
				CLANG_WARN_UNREACHABLE_CODE = YES;
				CLANG_WARN__DUPLICATE_METHOD_MATCH = YES;
				"CODE_SIGN_IDENTITY[sdk=iphoneos*]" = "iPhone Developer";
				COPY_PHASE_STRIP = NO;
				DEBUG_INFORMATION_FORMAT = dwarf;
				ENABLE_STRICT_OBJC_MSGSEND = YES;
				ENABLE_TESTABILITY = YES;
				GCC_C_LANGUAGE_STANDARD = gnu99;
				GCC_DYNAMIC_NO_PIC = NO;
				GCC_NO_COMMON_BLOCKS = YES;
				GCC_OPTIMIZATION_LEVEL = 0;
				GCC_PREPROCESSOR_DEFINITIONS = (
					"DEBUG=1",
					"$(inherited)",
				);
				GCC_WARN_64_TO_32_BIT_CONVERSION = YES;
				GCC_WARN_ABOUT_RETURN_TYPE = YES_ERROR;
				GCC_WARN_UNDECLARED_SELECTOR = YES;
				GCC_WARN_UNINITIALIZED_AUTOS = YES_AGGRESSIVE;
				GCC_WARN_UNUSED_FUNCTION = YES;
				GCC_WARN_UNUSED_VARIABLE = YES;
				IPHONEOS_DEPLOYMENT_TARGET = 8.0;
				MTL_ENABLE_DEBUG_INFO = YES;
				ONLY_ACTIVE_ARCH = YES;
				SDKROOT = iphoneos;
				SWIFT_OPTIMIZATION_LEVEL = "-Onone";
				TARGETED_DEVICE_FAMILY = "1,2";
			};
			name = Debug;
		};
		140C25381CDCE0F4008047E9 /* Release */ = {
			isa = XCBuildConfiguration;
			buildSettings = {
				ALWAYS_SEARCH_USER_PATHS = NO;
				CLANG_ANALYZER_NONNULL = YES;
				CLANG_CXX_LANGUAGE_STANDARD = "gnu++0x";
				CLANG_CXX_LIBRARY = "libc++";
				CLANG_ENABLE_MODULES = YES;
				CLANG_ENABLE_OBJC_ARC = YES;
				CLANG_WARN_BOOL_CONVERSION = YES;
				CLANG_WARN_CONSTANT_CONVERSION = YES;
				CLANG_WARN_DIRECT_OBJC_ISA_USAGE = YES_ERROR;
				CLANG_WARN_EMPTY_BODY = YES;
				CLANG_WARN_ENUM_CONVERSION = YES;
				CLANG_WARN_INT_CONVERSION = YES;
				CLANG_WARN_OBJC_ROOT_CLASS = YES_ERROR;
				CLANG_WARN_UNREACHABLE_CODE = YES;
				CLANG_WARN__DUPLICATE_METHOD_MATCH = YES;
				"CODE_SIGN_IDENTITY[sdk=iphoneos*]" = "iPhone Developer";
				COPY_PHASE_STRIP = NO;
				DEBUG_INFORMATION_FORMAT = "dwarf-with-dsym";
				ENABLE_NS_ASSERTIONS = NO;
				ENABLE_STRICT_OBJC_MSGSEND = YES;
				GCC_C_LANGUAGE_STANDARD = gnu99;
				GCC_NO_COMMON_BLOCKS = YES;
				GCC_WARN_64_TO_32_BIT_CONVERSION = YES;
				GCC_WARN_ABOUT_RETURN_TYPE = YES_ERROR;
				GCC_WARN_UNDECLARED_SELECTOR = YES;
				GCC_WARN_UNINITIALIZED_AUTOS = YES_AGGRESSIVE;
				GCC_WARN_UNUSED_FUNCTION = YES;
				GCC_WARN_UNUSED_VARIABLE = YES;
				IPHONEOS_DEPLOYMENT_TARGET = 8.0;
				MTL_ENABLE_DEBUG_INFO = NO;
				SDKROOT = iphoneos;
				TARGETED_DEVICE_FAMILY = "1,2";
				VALIDATE_PRODUCT = YES;
			};
			name = Release;
		};
		140C253A1CDCE0F4008047E9 /* Debug */ = {
			isa = XCBuildConfiguration;
			buildSettings = {
				ASSETCATALOG_COMPILER_APPICON_NAME = AppIcon;
				CLANG_ENABLE_MODULES = YES;
				INFOPLIST_FILE = "Animation-Swift/Info.plist";
				LD_RUNPATH_SEARCH_PATHS = "$(inherited) @executable_path/Frameworks";
				PRODUCT_BUNDLE_IDENTIFIER = "com.sean.Animation-Swift";
				PRODUCT_NAME = "$(TARGET_NAME)";
				SWIFT_OBJC_BRIDGING_HEADER = "$(SRCROOT)/Animation-Swift/ImageLoaderIndicator-Bridging-Header.h";
				SWIFT_OPTIMIZATION_LEVEL = "-Onone";
			};
			name = Debug;
		};
		140C253B1CDCE0F4008047E9 /* Release */ = {
			isa = XCBuildConfiguration;
			buildSettings = {
				ASSETCATALOG_COMPILER_APPICON_NAME = AppIcon;
				CLANG_ENABLE_MODULES = YES;
				INFOPLIST_FILE = "Animation-Swift/Info.plist";
				LD_RUNPATH_SEARCH_PATHS = "$(inherited) @executable_path/Frameworks";
				PRODUCT_BUNDLE_IDENTIFIER = "com.sean.Animation-Swift";
				PRODUCT_NAME = "$(TARGET_NAME)";
				SWIFT_OBJC_BRIDGING_HEADER = "$(SRCROOT)/Animation-Swift/ImageLoaderIndicator-Bridging-Header.h";
			};
			name = Release;
		};
/* End XCBuildConfiguration section */

/* Begin XCConfigurationList section */
		140C25221CDCE0F3008047E9 /* Build configuration list for PBXProject "Animation-Swift" */ = {
			isa = XCConfigurationList;
			buildConfigurations = (
				140C25371CDCE0F4008047E9 /* Debug */,
				140C25381CDCE0F4008047E9 /* Release */,
			);
			defaultConfigurationIsVisible = 0;
			defaultConfigurationName = Release;
		};
		140C25391CDCE0F4008047E9 /* Build configuration list for PBXNativeTarget "Animation-Swift" */ = {
			isa = XCConfigurationList;
			buildConfigurations = (
				140C253A1CDCE0F4008047E9 /* Debug */,
				140C253B1CDCE0F4008047E9 /* Release */,
			);
			defaultConfigurationIsVisible = 0;
			defaultConfigurationName = Release;
		};
/* End XCConfigurationList section */
	};
	rootObject = 140C251F1CDCE0F3008047E9 /* Project object */;
}
